PODS:
  - Desman/Core (0.3.3)
  - Desman/Debatable (0.3.3):
    - Desman/Core
  - Desman/Remote (0.3.3):
    - Desman/Core
    - SwiftWebSocket (~> 2.6.1)
  - SwiftWebSocket (2.6.1)

DEPENDENCIES:
  - Desman/Debatable (from `..`)
  - Desman/Remote (from `..`)

EXTERNAL SOURCES:
  Desman:
    :path: ".."

SPEC CHECKSUMS:
  Desman: 158d9fc1009821627cb4fd2f7e15924b5880a88b
  SwiftWebSocket: ccace0c3843fa5dc5a571506b01dcbb8f8d0add8

PODFILE CHECKSUM: 800eacce870613fcc0724345fb5d12751eda42bd

COCOAPODS: 1.0.0
