PODS:
  - Desman/Core (0.3.1)
  - Desman/Debatable (0.3.1):
    - Desman/Core
  - Desman/Remote (0.3.1):
    - Desman/Core
    - SwiftWebSocket (~> 2.6.1)
  - SwiftWebSocket (2.6.1)

DEPENDENCIES:
  - Desman/Debatable (from `..`)
  - Desman/Remote (from `..`)

EXTERNAL SOURCES:
  Desman:
    :path: ".."

SPEC CHECKSUMS:
  Desman: 08964c3d254e5e03f185c00b090fb82623b2f94a
  SwiftWebSocket: ccace0c3843fa5dc5a571506b01dcbb8f8d0add8

PODFILE CHECKSUM: 800eacce870613fcc0724345fb5d12751eda42bd

COCOAPODS: 1.0.0
