// !$*UTF8*$!
{
	archiveVersion = 1;
	classes = {
	};
	objectVersion = 46;
	objects = {

/* Begin PBXBuildFile section */
		9508719F1BE0BF5E000C54AE /* EventsTableViewController.swift in Sources */ = {isa = PBXBuildFile; fileRef = 956AF21A1BD5469B00464E9E /* EventsTableViewController.swift */; };
		950871A11BE0BF76000C54AE /* Desman.storyboard in Resources */ = {isa = PBXBuildFile; fileRef = 950871A01BE0BF76000C54AE /* Desman.storyboard */; };
		950871A31BE0C006000C54AE /* ViewController.swift in Sources */ = {isa = PBXBuildFile; fileRef = 950871A21BE0C006000C54AE /* ViewController.swift */; };
		95271F321BE26F5900187A1C /* EventTableViewCell.swift in Sources */ = {isa = PBXBuildFile; fileRef = 95271F311BE26F5900187A1C /* EventTableViewCell.swift */; };
		95271F341BE27D0200187A1C /* DeviceInfo.swift in Sources */ = {isa = PBXBuildFile; fileRef = 95271F331BE27D0200187A1C /* DeviceInfo.swift */; };
		95271F3C1BE294FD00187A1C /* GlobalSplitViewController.swift in Sources */ = {isa = PBXBuildFile; fileRef = 95271F3B1BE294FD00187A1C /* GlobalSplitViewController.swift */; };
		952D19F51BDE88EA00988338 /* Media.xcassets in Resources */ = {isa = PBXBuildFile; fileRef = 952D19F41BDE88EA00988338 /* Media.xcassets */; };
		952D19F71BDE910400988338 /* Type.swift in Sources */ = {isa = PBXBuildFile; fileRef = 952D19F61BDE910400988338 /* Type.swift */; };
		953B3BA81BE8C43700C9F853 /* AppTableViewCell.swift in Sources */ = {isa = PBXBuildFile; fileRef = 953B3BA71BE8C43700C9F853 /* AppTableViewCell.swift */; };
		953B3BAA1BE8C54800C9F853 /* UserTableViewCell.swift in Sources */ = {isa = PBXBuildFile; fileRef = 953B3BA91BE8C54800C9F853 /* UserTableViewCell.swift */; };
		953B3BAC1BE8C9CD00C9F853 /* SimpleImageCache.swift in Sources */ = {isa = PBXBuildFile; fileRef = 953B3BAB1BE8C9CD00C9F853 /* SimpleImageCache.swift */; };
		953B3BAE1BE8CFF400C9F853 /* AppInfo.swift in Sources */ = {isa = PBXBuildFile; fileRef = 953B3BAD1BE8CFF400C9F853 /* AppInfo.swift */; };
		955A58A01BDFD3D70046A781 /* SampleType.swift in Sources */ = {isa = PBXBuildFile; fileRef = 952D19F81BDE9A8300988338 /* SampleType.swift */; };
		95661BD01BE6A1FE00046E4D /* WebSocket.swift in Sources */ = {isa = PBXBuildFile; fileRef = 95661BCF1BE6A1FE00046E4D /* WebSocket.swift */; };
		95661BD31BE6A22600046E4D /* libz.tbd in Frameworks */ = {isa = PBXBuildFile; fileRef = 95661BD11BE6A21300046E4D /* libz.tbd */; };
		956AF1B91BD4F09200464E9E /* AppDelegate.swift in Sources */ = {isa = PBXBuildFile; fileRef = 956AF1B81BD4F09200464E9E /* AppDelegate.swift */; };
		956AF1BE1BD4F09200464E9E /* Main.storyboard in Resources */ = {isa = PBXBuildFile; fileRef = 956AF1BC1BD4F09200464E9E /* Main.storyboard */; };
		956AF1C01BD4F09200464E9E /* Assets.xcassets in Resources */ = {isa = PBXBuildFile; fileRef = 956AF1BF1BD4F09200464E9E /* Assets.xcassets */; };
		956AF1C31BD4F09200464E9E /* LaunchScreen.storyboard in Resources */ = {isa = PBXBuildFile; fileRef = 956AF1C11BD4F09200464E9E /* LaunchScreen.storyboard */; };
		956AF1CE1BD4F09200464E9E /* Desman_iOS_SampleTests.swift in Sources */ = {isa = PBXBuildFile; fileRef = 956AF1CD1BD4F09200464E9E /* Desman_iOS_SampleTests.swift */; };
		956AF1D91BD4F09200464E9E /* Desman_iOS_SampleUITests.swift in Sources */ = {isa = PBXBuildFile; fileRef = 956AF1D81BD4F09200464E9E /* Desman_iOS_SampleUITests.swift */; };
		956AF1EE1BD4F0AF00464E9E /* Desman.h in Headers */ = {isa = PBXBuildFile; fileRef = 956AF1ED1BD4F0AF00464E9E /* Desman.h */; settings = {ATTRIBUTES = (Public, ); }; };
		956AF1F51BD4F0AF00464E9E /* Desman.framework in Frameworks */ = {isa = PBXBuildFile; fileRef = 956AF1EB1BD4F0AF00464E9E /* Desman.framework */; };
		956AF1FC1BD4F0AF00464E9E /* DesmanTests.swift in Sources */ = {isa = PBXBuildFile; fileRef = 956AF1FB1BD4F0AF00464E9E /* DesmanTests.swift */; };
		956AF2001BD4F0AF00464E9E /* Desman.framework in Frameworks */ = {isa = PBXBuildFile; fileRef = 956AF1EB1BD4F0AF00464E9E /* Desman.framework */; };
		956AF2011BD4F0AF00464E9E /* Desman.framework in Embed Frameworks */ = {isa = PBXBuildFile; fileRef = 956AF1EB1BD4F0AF00464E9E /* Desman.framework */; settings = {ATTRIBUTES = (CodeSignOnCopy, RemoveHeadersOnCopy, ); }; };
		956AF20A1BD4F0DE00464E9E /* EventManager.swift in Sources */ = {isa = PBXBuildFile; fileRef = 956AF2091BD4F0DE00464E9E /* EventManager.swift */; };
		956AF20C1BD4F11200464E9E /* Event.swift in Sources */ = {isa = PBXBuildFile; fileRef = 956AF20B1BD4F11200464E9E /* Event.swift */; };
		956AF2101BD5003A00464E9E /* NotificationCenterListener.swift in Sources */ = {isa = PBXBuildFile; fileRef = 956AF20F1BD5003A00464E9E /* NotificationCenterListener.swift */; };
		956AF2121BD5186700464E9E /* UIViewController-Swizzle.swift in Sources */ = {isa = PBXBuildFile; fileRef = 956AF2111BD5186700464E9E /* UIViewController-Swizzle.swift */; };
		956AF2171BD51CD000464E9E /* NetworkManager.swift in Sources */ = {isa = PBXBuildFile; fileRef = 956AF2161BD51CD000464E9E /* NetworkManager.swift */; };
		9580CF7D1BE4CEC0008AC4A2 /* App.swift in Sources */ = {isa = PBXBuildFile; fileRef = 9580CF7C1BE4CEC0008AC4A2 /* App.swift */; };
		9580CF7F1BE4CFBA008AC4A2 /* User.swift in Sources */ = {isa = PBXBuildFile; fileRef = 9580CF7E1BE4CFBA008AC4A2 /* User.swift */; };
		9580CF811BE4D0C2008AC4A2 /* RemoteManager.swift in Sources */ = {isa = PBXBuildFile; fileRef = 9580CF801BE4D0C2008AC4A2 /* RemoteManager.swift */; };
		9580CF851BE51A21008AC4A2 /* Remote.storyboard in Resources */ = {isa = PBXBuildFile; fileRef = 9580CF841BE51A21008AC4A2 /* Remote.storyboard */; };
		9580CF871BE51C58008AC4A2 /* AppsTableViewController.swift in Sources */ = {isa = PBXBuildFile; fileRef = 9580CF861BE51C58008AC4A2 /* AppsTableViewController.swift */; };
		9580CF891BE51EDB008AC4A2 /* UsersTableViewController.swift in Sources */ = {isa = PBXBuildFile; fileRef = 9580CF881BE51EDB008AC4A2 /* UsersTableViewController.swift */; };
		95A427811BE918A700698427 /* UserInfo.swift in Sources */ = {isa = PBXBuildFile; fileRef = 95A427801BE918A700698427 /* UserInfo.swift */; };
		95DFA09C1BE129B700428805 /* EventDetailTableViewController.swift in Sources */ = {isa = PBXBuildFile; fileRef = 95DFA09B1BE129B700428805 /* EventDetailTableViewController.swift */; };
		95FB15221BE375B7002C8793 /* FeedbackComposeViewController.swift in Sources */ = {isa = PBXBuildFile; fileRef = 95FB15211BE375B7002C8793 /* FeedbackComposeViewController.swift */; };
/* End PBXBuildFile section */

/* Begin PBXContainerItemProxy section */
		956AF1CA1BD4F09200464E9E /* PBXContainerItemProxy */ = {
			isa = PBXContainerItemProxy;
			containerPortal = 956AF1AD1BD4F09200464E9E /* Project object */;
			proxyType = 1;
			remoteGlobalIDString = 956AF1B41BD4F09200464E9E;
			remoteInfo = "Desman iOS Sample";
		};
		956AF1D51BD4F09200464E9E /* PBXContainerItemProxy */ = {
			isa = PBXContainerItemProxy;
			containerPortal = 956AF1AD1BD4F09200464E9E /* Project object */;
			proxyType = 1;
			remoteGlobalIDString = 956AF1B41BD4F09200464E9E;
			remoteInfo = "Desman iOS Sample";
		};
		956AF1F61BD4F0AF00464E9E /* PBXContainerItemProxy */ = {
			isa = PBXContainerItemProxy;
			containerPortal = 956AF1AD1BD4F09200464E9E /* Project object */;
			proxyType = 1;
			remoteGlobalIDString = 956AF1EA1BD4F0AF00464E9E;
			remoteInfo = Desman;
		};
		956AF1F81BD4F0AF00464E9E /* PBXContainerItemProxy */ = {
			isa = PBXContainerItemProxy;
			containerPortal = 956AF1AD1BD4F09200464E9E /* Project object */;
			proxyType = 1;
			remoteGlobalIDString = 956AF1B41BD4F09200464E9E;
			remoteInfo = "Desman iOS Sample";
		};
		956AF1FE1BD4F0AF00464E9E /* PBXContainerItemProxy */ = {
			isa = PBXContainerItemProxy;
			containerPortal = 956AF1AD1BD4F09200464E9E /* Project object */;
			proxyType = 1;
			remoteGlobalIDString = 956AF1EA1BD4F0AF00464E9E;
			remoteInfo = Desman;
		};
/* End PBXContainerItemProxy section */

/* Begin PBXCopyFilesBuildPhase section */
		956AF2051BD4F0AF00464E9E /* Embed Frameworks */ = {
			isa = PBXCopyFilesBuildPhase;
			buildActionMask = 2147483647;
			dstPath = "";
			dstSubfolderSpec = 10;
			files = (
				956AF2011BD4F0AF00464E9E /* Desman.framework in Embed Frameworks */,
			);
			name = "Embed Frameworks";
			runOnlyForDeploymentPostprocessing = 0;
		};
/* End PBXCopyFilesBuildPhase section */

/* Begin PBXFileReference section */
		9508719E1BE0BF45000C54AE /* README.md */ = {isa = PBXFileReference; lastKnownFileType = net.daringfireball.markdown; path = README.md; sourceTree = "<group>"; };
		950871A01BE0BF76000C54AE /* Desman.storyboard */ = {isa = PBXFileReference; fileEncoding = 4; lastKnownFileType = file.storyboard; path = Desman.storyboard; sourceTree = "<group>"; };
		950871A21BE0C006000C54AE /* ViewController.swift */ = {isa = PBXFileReference; fileEncoding = 4; lastKnownFileType = sourcecode.swift; path = ViewController.swift; sourceTree = "<group>"; };
		95271F2F1BE26D8800187A1C /* Features.md */ = {isa = PBXFileReference; lastKnownFileType = net.daringfireball.markdown; path = Features.md; sourceTree = "<group>"; };
		95271F311BE26F5900187A1C /* EventTableViewCell.swift */ = {isa = PBXFileReference; fileEncoding = 4; lastKnownFileType = sourcecode.swift; path = EventTableViewCell.swift; sourceTree = "<group>"; };
		95271F331BE27D0200187A1C /* DeviceInfo.swift */ = {isa = PBXFileReference; fileEncoding = 4; lastKnownFileType = sourcecode.swift; path = DeviceInfo.swift; sourceTree = "<group>"; };
		95271F3B1BE294FD00187A1C /* GlobalSplitViewController.swift */ = {isa = PBXFileReference; fileEncoding = 4; lastKnownFileType = sourcecode.swift; path = GlobalSplitViewController.swift; sourceTree = "<group>"; };
		952D19F41BDE88EA00988338 /* Media.xcassets */ = {isa = PBXFileReference; lastKnownFileType = folder.assetcatalog; path = Media.xcassets; sourceTree = "<group>"; };
		952D19F61BDE910400988338 /* Type.swift */ = {isa = PBXFileReference; fileEncoding = 4; lastKnownFileType = sourcecode.swift; path = Type.swift; sourceTree = "<group>"; };
		952D19F81BDE9A8300988338 /* SampleType.swift */ = {isa = PBXFileReference; fileEncoding = 4; lastKnownFileType = sourcecode.swift; path = SampleType.swift; sourceTree = "<group>"; };
		953B3BA71BE8C43700C9F853 /* AppTableViewCell.swift */ = {isa = PBXFileReference; fileEncoding = 4; lastKnownFileType = sourcecode.swift; path = AppTableViewCell.swift; sourceTree = "<group>"; };
		953B3BA91BE8C54800C9F853 /* UserTableViewCell.swift */ = {isa = PBXFileReference; fileEncoding = 4; lastKnownFileType = sourcecode.swift; path = UserTableViewCell.swift; sourceTree = "<group>"; };
		953B3BAB1BE8C9CD00C9F853 /* SimpleImageCache.swift */ = {isa = PBXFileReference; fileEncoding = 4; lastKnownFileType = sourcecode.swift; path = SimpleImageCache.swift; sourceTree = "<group>"; };
		953B3BAD1BE8CFF400C9F853 /* AppInfo.swift */ = {isa = PBXFileReference; fileEncoding = 4; lastKnownFileType = sourcecode.swift; path = AppInfo.swift; sourceTree = "<group>"; };
		95661BCF1BE6A1FE00046E4D /* WebSocket.swift */ = {isa = PBXFileReference; fileEncoding = 4; lastKnownFileType = sourcecode.swift; path = WebSocket.swift; sourceTree = "<group>"; };
		95661BD11BE6A21300046E4D /* libz.tbd */ = {isa = PBXFileReference; lastKnownFileType = "sourcecode.text-based-dylib-definition"; name = libz.tbd; path = usr/lib/libz.tbd; sourceTree = SDKROOT; };
		956AF1B51BD4F09200464E9E /* Desman iOS Sample.app */ = {isa = PBXFileReference; explicitFileType = wrapper.application; includeInIndex = 0; path = "Desman iOS Sample.app"; sourceTree = BUILT_PRODUCTS_DIR; };
		956AF1B81BD4F09200464E9E /* AppDelegate.swift */ = {isa = PBXFileReference; lastKnownFileType = sourcecode.swift; path = AppDelegate.swift; sourceTree = "<group>"; };
		956AF1BD1BD4F09200464E9E /* Base */ = {isa = PBXFileReference; lastKnownFileType = file.storyboard; name = Base; path = Base.lproj/Main.storyboard; sourceTree = "<group>"; };
		956AF1BF1BD4F09200464E9E /* Assets.xcassets */ = {isa = PBXFileReference; lastKnownFileType = folder.assetcatalog; path = Assets.xcassets; sourceTree = "<group>"; };
		956AF1C21BD4F09200464E9E /* Base */ = {isa = PBXFileReference; lastKnownFileType = file.storyboard; name = Base; path = Base.lproj/LaunchScreen.storyboard; sourceTree = "<group>"; };
		956AF1C41BD4F09200464E9E /* Info.plist */ = {isa = PBXFileReference; lastKnownFileType = text.plist.xml; path = Info.plist; sourceTree = "<group>"; };
		956AF1C91BD4F09200464E9E /* Desman iOS SampleTests.xctest */ = {isa = PBXFileReference; explicitFileType = wrapper.cfbundle; includeInIndex = 0; path = "Desman iOS SampleTests.xctest"; sourceTree = BUILT_PRODUCTS_DIR; };
		956AF1CD1BD4F09200464E9E /* Desman_iOS_SampleTests.swift */ = {isa = PBXFileReference; lastKnownFileType = sourcecode.swift; path = Desman_iOS_SampleTests.swift; sourceTree = "<group>"; };
		956AF1CF1BD4F09200464E9E /* Info.plist */ = {isa = PBXFileReference; lastKnownFileType = text.plist.xml; path = Info.plist; sourceTree = "<group>"; };
		956AF1D41BD4F09200464E9E /* Desman iOS SampleUITests.xctest */ = {isa = PBXFileReference; explicitFileType = wrapper.cfbundle; includeInIndex = 0; path = "Desman iOS SampleUITests.xctest"; sourceTree = BUILT_PRODUCTS_DIR; };
		956AF1D81BD4F09200464E9E /* Desman_iOS_SampleUITests.swift */ = {isa = PBXFileReference; lastKnownFileType = sourcecode.swift; path = Desman_iOS_SampleUITests.swift; sourceTree = "<group>"; };
		956AF1DA1BD4F09200464E9E /* Info.plist */ = {isa = PBXFileReference; lastKnownFileType = text.plist.xml; path = Info.plist; sourceTree = "<group>"; };
		956AF1EB1BD4F0AF00464E9E /* Desman.framework */ = {isa = PBXFileReference; explicitFileType = wrapper.framework; includeInIndex = 0; path = Desman.framework; sourceTree = BUILT_PRODUCTS_DIR; };
		956AF1ED1BD4F0AF00464E9E /* Desman.h */ = {isa = PBXFileReference; lastKnownFileType = sourcecode.c.h; path = Desman.h; sourceTree = "<group>"; };
		956AF1EF1BD4F0AF00464E9E /* Info.plist */ = {isa = PBXFileReference; lastKnownFileType = text.plist.xml; path = Info.plist; sourceTree = "<group>"; };
		956AF1F41BD4F0AF00464E9E /* DesmanTests.xctest */ = {isa = PBXFileReference; explicitFileType = wrapper.cfbundle; includeInIndex = 0; path = DesmanTests.xctest; sourceTree = BUILT_PRODUCTS_DIR; };
		956AF1FB1BD4F0AF00464E9E /* DesmanTests.swift */ = {isa = PBXFileReference; lastKnownFileType = sourcecode.swift; path = DesmanTests.swift; sourceTree = "<group>"; };
		956AF1FD1BD4F0AF00464E9E /* Info.plist */ = {isa = PBXFileReference; lastKnownFileType = text.plist.xml; path = Info.plist; sourceTree = "<group>"; };
		956AF2091BD4F0DE00464E9E /* EventManager.swift */ = {isa = PBXFileReference; fileEncoding = 4; lastKnownFileType = sourcecode.swift; path = EventManager.swift; sourceTree = "<group>"; };
		956AF20B1BD4F11200464E9E /* Event.swift */ = {isa = PBXFileReference; fileEncoding = 4; lastKnownFileType = sourcecode.swift; path = Event.swift; sourceTree = "<group>"; };
		956AF20F1BD5003A00464E9E /* NotificationCenterListener.swift */ = {isa = PBXFileReference; fileEncoding = 4; lastKnownFileType = sourcecode.swift; path = NotificationCenterListener.swift; sourceTree = "<group>"; };
		956AF2111BD5186700464E9E /* UIViewController-Swizzle.swift */ = {isa = PBXFileReference; fileEncoding = 4; lastKnownFileType = sourcecode.swift; path = "UIViewController-Swizzle.swift"; sourceTree = "<group>"; };
		956AF2161BD51CD000464E9E /* NetworkManager.swift */ = {isa = PBXFileReference; fileEncoding = 4; lastKnownFileType = sourcecode.swift; path = NetworkManager.swift; sourceTree = "<group>"; };
		956AF21A1BD5469B00464E9E /* EventsTableViewController.swift */ = {isa = PBXFileReference; fileEncoding = 4; lastKnownFileType = sourcecode.swift; name = EventsTableViewController.swift; path = Desman/EventsTableViewController.swift; sourceTree = SOURCE_ROOT; };
		9580CF7C1BE4CEC0008AC4A2 /* App.swift */ = {isa = PBXFileReference; fileEncoding = 4; lastKnownFileType = sourcecode.swift; path = App.swift; sourceTree = "<group>"; };
		9580CF7E1BE4CFBA008AC4A2 /* User.swift */ = {isa = PBXFileReference; fileEncoding = 4; lastKnownFileType = sourcecode.swift; path = User.swift; sourceTree = "<group>"; };
		9580CF801BE4D0C2008AC4A2 /* RemoteManager.swift */ = {isa = PBXFileReference; fileEncoding = 4; lastKnownFileType = sourcecode.swift; path = RemoteManager.swift; sourceTree = "<group>"; };
		9580CF841BE51A21008AC4A2 /* Remote.storyboard */ = {isa = PBXFileReference; fileEncoding = 4; lastKnownFileType = file.storyboard; path = Remote.storyboard; sourceTree = "<group>"; };
		9580CF861BE51C58008AC4A2 /* AppsTableViewController.swift */ = {isa = PBXFileReference; fileEncoding = 4; lastKnownFileType = sourcecode.swift; path = AppsTableViewController.swift; sourceTree = "<group>"; };
		9580CF881BE51EDB008AC4A2 /* UsersTableViewController.swift */ = {isa = PBXFileReference; fileEncoding = 4; lastKnownFileType = sourcecode.swift; path = UsersTableViewController.swift; sourceTree = "<group>"; };
		95A427801BE918A700698427 /* UserInfo.swift */ = {isa = PBXFileReference; fileEncoding = 4; lastKnownFileType = sourcecode.swift; path = UserInfo.swift; sourceTree = "<group>"; };
		95DFA09B1BE129B700428805 /* EventDetailTableViewController.swift */ = {isa = PBXFileReference; fileEncoding = 4; lastKnownFileType = sourcecode.swift; path = EventDetailTableViewController.swift; sourceTree = "<group>"; };
		95FB15211BE375B7002C8793 /* FeedbackComposeViewController.swift */ = {isa = PBXFileReference; fileEncoding = 4; lastKnownFileType = sourcecode.swift; path = FeedbackComposeViewController.swift; sourceTree = "<group>"; };
/* End PBXFileReference section */

/* Begin PBXFrameworksBuildPhase section */
		956AF1B21BD4F09200464E9E /* Frameworks */ = {
			isa = PBXFrameworksBuildPhase;
			buildActionMask = 2147483647;
			files = (
				956AF2001BD4F0AF00464E9E /* Desman.framework in Frameworks */,
			);
			runOnlyForDeploymentPostprocessing = 0;
		};
		956AF1C61BD4F09200464E9E /* Frameworks */ = {
			isa = PBXFrameworksBuildPhase;
			buildActionMask = 2147483647;
			files = (
			);
			runOnlyForDeploymentPostprocessing = 0;
		};
		956AF1D11BD4F09200464E9E /* Frameworks */ = {
			isa = PBXFrameworksBuildPhase;
			buildActionMask = 2147483647;
			files = (
			);
			runOnlyForDeploymentPostprocessing = 0;
		};
		956AF1E71BD4F0AF00464E9E /* Frameworks */ = {
			isa = PBXFrameworksBuildPhase;
			buildActionMask = 2147483647;
			files = (
				95661BD31BE6A22600046E4D /* libz.tbd in Frameworks */,
			);
			runOnlyForDeploymentPostprocessing = 0;
		};
		956AF1F11BD4F0AF00464E9E /* Frameworks */ = {
			isa = PBXFrameworksBuildPhase;
			buildActionMask = 2147483647;
			files = (
				956AF1F51BD4F0AF00464E9E /* Desman.framework in Frameworks */,
			);
			runOnlyForDeploymentPostprocessing = 0;
		};
/* End PBXFrameworksBuildPhase section */

/* Begin PBXGroup section */
		956AF1AC1BD4F09200464E9E = {
			isa = PBXGroup;
			children = (
				9508719E1BE0BF45000C54AE /* README.md */,
				95271F2F1BE26D8800187A1C /* Features.md */,
				956AF1B71BD4F09200464E9E /* Desman iOS Sample */,
				956AF1EC1BD4F0AF00464E9E /* Desman */,
				956AF1FA1BD4F0AF00464E9E /* DesmanTests */,
				956AF1CC1BD4F09200464E9E /* Desman iOS SampleTests */,
				956AF1D71BD4F09200464E9E /* Desman iOS SampleUITests */,
				956AF1B61BD4F09200464E9E /* Products */,
			);
			sourceTree = "<group>";
		};
		956AF1B61BD4F09200464E9E /* Products */ = {
			isa = PBXGroup;
			children = (
				956AF1B51BD4F09200464E9E /* Desman iOS Sample.app */,
				956AF1C91BD4F09200464E9E /* Desman iOS SampleTests.xctest */,
				956AF1D41BD4F09200464E9E /* Desman iOS SampleUITests.xctest */,
				956AF1EB1BD4F0AF00464E9E /* Desman.framework */,
				956AF1F41BD4F0AF00464E9E /* DesmanTests.xctest */,
			);
			name = Products;
			sourceTree = "<group>";
		};
		956AF1B71BD4F09200464E9E /* Desman iOS Sample */ = {
			isa = PBXGroup;
			children = (
				956AF1B81BD4F09200464E9E /* AppDelegate.swift */,
				950871A21BE0C006000C54AE /* ViewController.swift */,
				952D19F81BDE9A8300988338 /* SampleType.swift */,
				956AF1BC1BD4F09200464E9E /* Main.storyboard */,
				956AF1BF1BD4F09200464E9E /* Assets.xcassets */,
				956AF1C11BD4F09200464E9E /* LaunchScreen.storyboard */,
				956AF1C41BD4F09200464E9E /* Info.plist */,
			);
			path = "Desman iOS Sample";
			sourceTree = "<group>";
		};
		956AF1CC1BD4F09200464E9E /* Desman iOS SampleTests */ = {
			isa = PBXGroup;
			children = (
				956AF1CD1BD4F09200464E9E /* Desman_iOS_SampleTests.swift */,
				956AF1CF1BD4F09200464E9E /* Info.plist */,
			);
			path = "Desman iOS SampleTests";
			sourceTree = "<group>";
		};
		956AF1D71BD4F09200464E9E /* Desman iOS SampleUITests */ = {
			isa = PBXGroup;
			children = (
				956AF1D81BD4F09200464E9E /* Desman_iOS_SampleUITests.swift */,
				956AF1DA1BD4F09200464E9E /* Info.plist */,
			);
			path = "Desman iOS SampleUITests";
			sourceTree = "<group>";
		};
		956AF1EC1BD4F0AF00464E9E /* Desman */ = {
			isa = PBXGroup;
			children = (
				956AF20B1BD4F11200464E9E /* Event.swift */,
				9580CF7C1BE4CEC0008AC4A2 /* App.swift */,
				9580CF7E1BE4CFBA008AC4A2 /* User.swift */,
				95271F331BE27D0200187A1C /* DeviceInfo.swift */,
				953B3BAD1BE8CFF400C9F853 /* AppInfo.swift */,
				95A427801BE918A700698427 /* UserInfo.swift */,
				952D19F61BDE910400988338 /* Type.swift */,
				956AF2091BD4F0DE00464E9E /* EventManager.swift */,
				9580CF801BE4D0C2008AC4A2 /* RemoteManager.swift */,
				956AF2161BD51CD000464E9E /* NetworkManager.swift */,
				956AF20F1BD5003A00464E9E /* NotificationCenterListener.swift */,
				956AF2111BD5186700464E9E /* UIViewController-Swizzle.swift */,
				956AF21A1BD5469B00464E9E /* EventsTableViewController.swift */,
				9580CF861BE51C58008AC4A2 /* AppsTableViewController.swift */,
				9580CF881BE51EDB008AC4A2 /* UsersTableViewController.swift */,
				95271F3B1BE294FD00187A1C /* GlobalSplitViewController.swift */,
				95DFA09B1BE129B700428805 /* EventDetailTableViewController.swift */,
				95271F311BE26F5900187A1C /* EventTableViewCell.swift */,
				953B3BA71BE8C43700C9F853 /* AppTableViewCell.swift */,
				953B3BA91BE8C54800C9F853 /* UserTableViewCell.swift */,
				95FB15211BE375B7002C8793 /* FeedbackComposeViewController.swift */,
				95661BCF1BE6A1FE00046E4D /* WebSocket.swift */,
				953B3BAB1BE8C9CD00C9F853 /* SimpleImageCache.swift */,
				95661BD11BE6A21300046E4D /* libz.tbd */,
				950871A01BE0BF76000C54AE /* Desman.storyboard */,
				9580CF841BE51A21008AC4A2 /* Remote.storyboard */,
				956AF1ED1BD4F0AF00464E9E /* Desman.h */,
				956AF1EF1BD4F0AF00464E9E /* Info.plist */,
				952D19F41BDE88EA00988338 /* Media.xcassets */,
			);
			path = Desman;
			sourceTree = "<group>";
		};
		956AF1FA1BD4F0AF00464E9E /* DesmanTests */ = {
			isa = PBXGroup;
			children = (
				956AF1FB1BD4F0AF00464E9E /* DesmanTests.swift */,
				956AF1FD1BD4F0AF00464E9E /* Info.plist */,
			);
			path = DesmanTests;
			sourceTree = "<group>";
		};
/* End PBXGroup section */

/* Begin PBXHeadersBuildPhase section */
		956AF1E81BD4F0AF00464E9E /* Headers */ = {
			isa = PBXHeadersBuildPhase;
			buildActionMask = 2147483647;
			files = (
				956AF1EE1BD4F0AF00464E9E /* Desman.h in Headers */,
			);
			runOnlyForDeploymentPostprocessing = 0;
		};
/* End PBXHeadersBuildPhase section */

/* Begin PBXNativeTarget section */
		956AF1B41BD4F09200464E9E /* Desman iOS Sample */ = {
			isa = PBXNativeTarget;
			buildConfigurationList = 956AF1DD1BD4F09200464E9E /* Build configuration list for PBXNativeTarget "Desman iOS Sample" */;
			buildPhases = (
				956AF1B11BD4F09200464E9E /* Sources */,
				956AF1B21BD4F09200464E9E /* Frameworks */,
				956AF1B31BD4F09200464E9E /* Resources */,
				956AF2051BD4F0AF00464E9E /* Embed Frameworks */,
			);
			buildRules = (
			);
			dependencies = (
				956AF1FF1BD4F0AF00464E9E /* PBXTargetDependency */,
			);
			name = "Desman iOS Sample";
			productName = "Desman iOS Sample";
			productReference = 956AF1B51BD4F09200464E9E /* Desman iOS Sample.app */;
			productType = "com.apple.product-type.application";
		};
		956AF1C81BD4F09200464E9E /* Desman iOS SampleTests */ = {
			isa = PBXNativeTarget;
			buildConfigurationList = 956AF1E01BD4F09200464E9E /* Build configuration list for PBXNativeTarget "Desman iOS SampleTests" */;
			buildPhases = (
				956AF1C51BD4F09200464E9E /* Sources */,
				956AF1C61BD4F09200464E9E /* Frameworks */,
				956AF1C71BD4F09200464E9E /* Resources */,
			);
			buildRules = (
			);
			dependencies = (
				956AF1CB1BD4F09200464E9E /* PBXTargetDependency */,
			);
			name = "Desman iOS SampleTests";
			productName = "Desman iOS SampleTests";
			productReference = 956AF1C91BD4F09200464E9E /* Desman iOS SampleTests.xctest */;
			productType = "com.apple.product-type.bundle.unit-test";
		};
		956AF1D31BD4F09200464E9E /* Desman iOS SampleUITests */ = {
			isa = PBXNativeTarget;
			buildConfigurationList = 956AF1E31BD4F09200464E9E /* Build configuration list for PBXNativeTarget "Desman iOS SampleUITests" */;
			buildPhases = (
				956AF1D01BD4F09200464E9E /* Sources */,
				956AF1D11BD4F09200464E9E /* Frameworks */,
				956AF1D21BD4F09200464E9E /* Resources */,
			);
			buildRules = (
			);
			dependencies = (
				956AF1D61BD4F09200464E9E /* PBXTargetDependency */,
			);
			name = "Desman iOS SampleUITests";
			productName = "Desman iOS SampleUITests";
			productReference = 956AF1D41BD4F09200464E9E /* Desman iOS SampleUITests.xctest */;
			productType = "com.apple.product-type.bundle.ui-testing";
		};
		956AF1EA1BD4F0AF00464E9E /* Desman */ = {
			isa = PBXNativeTarget;
			buildConfigurationList = 956AF2021BD4F0AF00464E9E /* Build configuration list for PBXNativeTarget "Desman" */;
			buildPhases = (
				956AF1E61BD4F0AF00464E9E /* Sources */,
				956AF1E71BD4F0AF00464E9E /* Frameworks */,
				956AF1E81BD4F0AF00464E9E /* Headers */,
				956AF1E91BD4F0AF00464E9E /* Resources */,
			);
			buildRules = (
			);
			dependencies = (
			);
			name = Desman;
			productName = Desman;
			productReference = 956AF1EB1BD4F0AF00464E9E /* Desman.framework */;
			productType = "com.apple.product-type.framework";
		};
		956AF1F31BD4F0AF00464E9E /* DesmanTests */ = {
			isa = PBXNativeTarget;
			buildConfigurationList = 956AF2061BD4F0AF00464E9E /* Build configuration list for PBXNativeTarget "DesmanTests" */;
			buildPhases = (
				956AF1F01BD4F0AF00464E9E /* Sources */,
				956AF1F11BD4F0AF00464E9E /* Frameworks */,
				956AF1F21BD4F0AF00464E9E /* Resources */,
			);
			buildRules = (
			);
			dependencies = (
				956AF1F71BD4F0AF00464E9E /* PBXTargetDependency */,
				956AF1F91BD4F0AF00464E9E /* PBXTargetDependency */,
			);
			name = DesmanTests;
			productName = DesmanTests;
			productReference = 956AF1F41BD4F0AF00464E9E /* DesmanTests.xctest */;
			productType = "com.apple.product-type.bundle.unit-test";
		};
/* End PBXNativeTarget section */

/* Begin PBXProject section */
		956AF1AD1BD4F09200464E9E /* Project object */ = {
			isa = PBXProject;
			attributes = {
				LastSwiftMigration = 0710;
				LastSwiftUpdateCheck = 0700;
				LastUpgradeCheck = 0700;
				ORGANIZATIONNAME = "DIMENSION S.r.l.";
				TargetAttributes = {
					956AF1B41BD4F09200464E9E = {
						CreatedOnToolsVersion = 7.0.1;
					};
					956AF1C81BD4F09200464E9E = {
						CreatedOnToolsVersion = 7.0.1;
						TestTargetID = 956AF1B41BD4F09200464E9E;
					};
					956AF1D31BD4F09200464E9E = {
						CreatedOnToolsVersion = 7.0.1;
						TestTargetID = 956AF1B41BD4F09200464E9E;
					};
					956AF1EA1BD4F0AF00464E9E = {
						CreatedOnToolsVersion = 7.0.1;
					};
					956AF1F31BD4F0AF00464E9E = {
						CreatedOnToolsVersion = 7.0.1;
						TestTargetID = 956AF1B41BD4F09200464E9E;
					};
				};
			};
			buildConfigurationList = 956AF1B01BD4F09200464E9E /* Build configuration list for PBXProject "Desman" */;
			compatibilityVersion = "Xcode 3.2";
			developmentRegion = English;
			hasScannedForEncodings = 0;
			knownRegions = (
				en,
				Base,
			);
			mainGroup = 956AF1AC1BD4F09200464E9E;
			productRefGroup = 956AF1B61BD4F09200464E9E /* Products */;
			projectDirPath = "";
			projectRoot = "";
			targets = (
				956AF1B41BD4F09200464E9E /* Desman iOS Sample */,
				956AF1C81BD4F09200464E9E /* Desman iOS SampleTests */,
				956AF1D31BD4F09200464E9E /* Desman iOS SampleUITests */,
				956AF1EA1BD4F0AF00464E9E /* Desman */,
				956AF1F31BD4F0AF00464E9E /* DesmanTests */,
			);
		};
/* End PBXProject section */

/* Begin PBXResourcesBuildPhase section */
		956AF1B31BD4F09200464E9E /* Resources */ = {
			isa = PBXResourcesBuildPhase;
			buildActionMask = 2147483647;
			files = (
				956AF1C31BD4F09200464E9E /* LaunchScreen.storyboard in Resources */,
				956AF1C01BD4F09200464E9E /* Assets.xcassets in Resources */,
				956AF1BE1BD4F09200464E9E /* Main.storyboard in Resources */,
			);
			runOnlyForDeploymentPostprocessing = 0;
		};
		956AF1C71BD4F09200464E9E /* Resources */ = {
			isa = PBXResourcesBuildPhase;
			buildActionMask = 2147483647;
			files = (
			);
			runOnlyForDeploymentPostprocessing = 0;
		};
		956AF1D21BD4F09200464E9E /* Resources */ = {
			isa = PBXResourcesBuildPhase;
			buildActionMask = 2147483647;
			files = (
			);
			runOnlyForDeploymentPostprocessing = 0;
		};
		956AF1E91BD4F0AF00464E9E /* Resources */ = {
			isa = PBXResourcesBuildPhase;
			buildActionMask = 2147483647;
			files = (
				9580CF851BE51A21008AC4A2 /* Remote.storyboard in Resources */,
				950871A11BE0BF76000C54AE /* Desman.storyboard in Resources */,
				952D19F51BDE88EA00988338 /* Media.xcassets in Resources */,
			);
			runOnlyForDeploymentPostprocessing = 0;
		};
		956AF1F21BD4F0AF00464E9E /* Resources */ = {
			isa = PBXResourcesBuildPhase;
			buildActionMask = 2147483647;
			files = (
			);
			runOnlyForDeploymentPostprocessing = 0;
		};
/* End PBXResourcesBuildPhase section */

/* Begin PBXSourcesBuildPhase section */
		956AF1B11BD4F09200464E9E /* Sources */ = {
			isa = PBXSourcesBuildPhase;
			buildActionMask = 2147483647;
			files = (
				950871A31BE0C006000C54AE /* ViewController.swift in Sources */,
				955A58A01BDFD3D70046A781 /* SampleType.swift in Sources */,
				956AF1B91BD4F09200464E9E /* AppDelegate.swift in Sources */,
			);
			runOnlyForDeploymentPostprocessing = 0;
		};
		956AF1C51BD4F09200464E9E /* Sources */ = {
			isa = PBXSourcesBuildPhase;
			buildActionMask = 2147483647;
			files = (
				956AF1CE1BD4F09200464E9E /* Desman_iOS_SampleTests.swift in Sources */,
			);
			runOnlyForDeploymentPostprocessing = 0;
		};
		956AF1D01BD4F09200464E9E /* Sources */ = {
			isa = PBXSourcesBuildPhase;
			buildActionMask = 2147483647;
			files = (
				956AF1D91BD4F09200464E9E /* Desman_iOS_SampleUITests.swift in Sources */,
			);
			runOnlyForDeploymentPostprocessing = 0;
		};
		956AF1E61BD4F0AF00464E9E /* Sources */ = {
			isa = PBXSourcesBuildPhase;
			buildActionMask = 2147483647;
			files = (
				953B3BA81BE8C43700C9F853 /* AppTableViewCell.swift in Sources */,
				9580CF7D1BE4CEC0008AC4A2 /* App.swift in Sources */,
				95271F321BE26F5900187A1C /* EventTableViewCell.swift in Sources */,
				953B3BAE1BE8CFF400C9F853 /* AppInfo.swift in Sources */,
				952D19F71BDE910400988338 /* Type.swift in Sources */,
				953B3BAA1BE8C54800C9F853 /* UserTableViewCell.swift in Sources */,
				95A427811BE918A700698427 /* UserInfo.swift in Sources */,
				9580CF871BE51C58008AC4A2 /* AppsTableViewController.swift in Sources */,
				956AF2171BD51CD000464E9E /* NetworkManager.swift in Sources */,
				95271F341BE27D0200187A1C /* DeviceInfo.swift in Sources */,
				95FB15221BE375B7002C8793 /* FeedbackComposeViewController.swift in Sources */,
				95661BD01BE6A1FE00046E4D /* WebSocket.swift in Sources */,
				9580CF811BE4D0C2008AC4A2 /* RemoteManager.swift in Sources */,
				9580CF7F1BE4CFBA008AC4A2 /* User.swift in Sources */,
				956AF20C1BD4F11200464E9E /* Event.swift in Sources */,
				95DFA09C1BE129B700428805 /* EventDetailTableViewController.swift in Sources */,
				956AF2101BD5003A00464E9E /* NotificationCenterListener.swift in Sources */,
				953B3BAC1BE8C9CD00C9F853 /* SimpleImageCache.swift in Sources */,
				956AF20A1BD4F0DE00464E9E /* EventManager.swift in Sources */,
				9508719F1BE0BF5E000C54AE /* EventsTableViewController.swift in Sources */,
				95271F3C1BE294FD00187A1C /* GlobalSplitViewController.swift in Sources */,
				9580CF891BE51EDB008AC4A2 /* UsersTableViewController.swift in Sources */,
				956AF2121BD5186700464E9E /* UIViewController-Swizzle.swift in Sources */,
			);
			runOnlyForDeploymentPostprocessing = 0;
		};
		956AF1F01BD4F0AF00464E9E /* Sources */ = {
			isa = PBXSourcesBuildPhase;
			buildActionMask = 2147483647;
			files = (
				956AF1FC1BD4F0AF00464E9E /* DesmanTests.swift in Sources */,
			);
			runOnlyForDeploymentPostprocessing = 0;
		};
/* End PBXSourcesBuildPhase section */

/* Begin PBXTargetDependency section */
		956AF1CB1BD4F09200464E9E /* PBXTargetDependency */ = {
			isa = PBXTargetDependency;
			target = 956AF1B41BD4F09200464E9E /* Desman iOS Sample */;
			targetProxy = 956AF1CA1BD4F09200464E9E /* PBXContainerItemProxy */;
		};
		956AF1D61BD4F09200464E9E /* PBXTargetDependency */ = {
			isa = PBXTargetDependency;
			target = 956AF1B41BD4F09200464E9E /* Desman iOS Sample */;
			targetProxy = 956AF1D51BD4F09200464E9E /* PBXContainerItemProxy */;
		};
		956AF1F71BD4F0AF00464E9E /* PBXTargetDependency */ = {
			isa = PBXTargetDependency;
			target = 956AF1EA1BD4F0AF00464E9E /* Desman */;
			targetProxy = 956AF1F61BD4F0AF00464E9E /* PBXContainerItemProxy */;
		};
		956AF1F91BD4F0AF00464E9E /* PBXTargetDependency */ = {
			isa = PBXTargetDependency;
			target = 956AF1B41BD4F09200464E9E /* Desman iOS Sample */;
			targetProxy = 956AF1F81BD4F0AF00464E9E /* PBXContainerItemProxy */;
		};
		956AF1FF1BD4F0AF00464E9E /* PBXTargetDependency */ = {
			isa = PBXTargetDependency;
			target = 956AF1EA1BD4F0AF00464E9E /* Desman */;
			targetProxy = 956AF1FE1BD4F0AF00464E9E /* PBXContainerItemProxy */;
		};
/* End PBXTargetDependency section */

/* Begin PBXVariantGroup section */
		956AF1BC1BD4F09200464E9E /* Main.storyboard */ = {
			isa = PBXVariantGroup;
			children = (
				956AF1BD1BD4F09200464E9E /* Base */,
			);
			name = Main.storyboard;
			sourceTree = "<group>";
		};
		956AF1C11BD4F09200464E9E /* LaunchScreen.storyboard */ = {
			isa = PBXVariantGroup;
			children = (
				956AF1C21BD4F09200464E9E /* Base */,
			);
			name = LaunchScreen.storyboard;
			sourceTree = "<group>";
		};
/* End PBXVariantGroup section */

/* Begin XCBuildConfiguration section */
		956AF1DB1BD4F09200464E9E /* Debug */ = {
			isa = XCBuildConfiguration;
			buildSettings = {
				ALWAYS_SEARCH_USER_PATHS = NO;
				CLANG_CXX_LANGUAGE_STANDARD = "gnu++0x";
				CLANG_CXX_LIBRARY = "libc++";
				CLANG_ENABLE_MODULES = YES;
				CLANG_ENABLE_OBJC_ARC = YES;
				CLANG_WARN_BOOL_CONVERSION = YES;
				CLANG_WARN_CONSTANT_CONVERSION = YES;
				CLANG_WARN_DIRECT_OBJC_ISA_USAGE = YES_ERROR;
				CLANG_WARN_EMPTY_BODY = YES;
				CLANG_WARN_ENUM_CONVERSION = YES;
				CLANG_WARN_INT_CONVERSION = YES;
				CLANG_WARN_OBJC_ROOT_CLASS = YES_ERROR;
				CLANG_WARN_UNREACHABLE_CODE = YES;
				CLANG_WARN__DUPLICATE_METHOD_MATCH = YES;
				"CODE_SIGN_IDENTITY[sdk=iphoneos*]" = "iPhone Developer";
				COPY_PHASE_STRIP = NO;
				DEBUG_INFORMATION_FORMAT = dwarf;
				EMBEDDED_CONTENT_CONTAINS_SWIFT = YES;
				ENABLE_STRICT_OBJC_MSGSEND = YES;
				ENABLE_TESTABILITY = YES;
				GCC_C_LANGUAGE_STANDARD = gnu99;
				GCC_DYNAMIC_NO_PIC = NO;
				GCC_NO_COMMON_BLOCKS = YES;
				GCC_OPTIMIZATION_LEVEL = 0;
				GCC_PREPROCESSOR_DEFINITIONS = (
					"DEBUG=1",
					"$(inherited)",
				);
				GCC_WARN_64_TO_32_BIT_CONVERSION = YES;
				GCC_WARN_ABOUT_RETURN_TYPE = YES_ERROR;
				GCC_WARN_UNDECLARED_SELECTOR = YES;
				GCC_WARN_UNINITIALIZED_AUTOS = YES_AGGRESSIVE;
				GCC_WARN_UNUSED_FUNCTION = YES;
				GCC_WARN_UNUSED_VARIABLE = YES;
				IPHONEOS_DEPLOYMENT_TARGET = 9.0;
				MTL_ENABLE_DEBUG_INFO = YES;
				ONLY_ACTIVE_ARCH = YES;
				SDKROOT = iphoneos;
				SWIFT_OPTIMIZATION_LEVEL = "-Onone";
				TARGETED_DEVICE_FAMILY = "1,2";
			};
			name = Debug;
		};
		956AF1DC1BD4F09200464E9E /* Release */ = {
			isa = XCBuildConfiguration;
			buildSettings = {
				ALWAYS_SEARCH_USER_PATHS = NO;
				CLANG_CXX_LANGUAGE_STANDARD = "gnu++0x";
				CLANG_CXX_LIBRARY = "libc++";
				CLANG_ENABLE_MODULES = YES;
				CLANG_ENABLE_OBJC_ARC = YES;
				CLANG_WARN_BOOL_CONVERSION = YES;
				CLANG_WARN_CONSTANT_CONVERSION = YES;
				CLANG_WARN_DIRECT_OBJC_ISA_USAGE = YES_ERROR;
				CLANG_WARN_EMPTY_BODY = YES;
				CLANG_WARN_ENUM_CONVERSION = YES;
				CLANG_WARN_INT_CONVERSION = YES;
				CLANG_WARN_OBJC_ROOT_CLASS = YES_ERROR;
				CLANG_WARN_UNREACHABLE_CODE = YES;
				CLANG_WARN__DUPLICATE_METHOD_MATCH = YES;
				"CODE_SIGN_IDENTITY[sdk=iphoneos*]" = "iPhone Developer";
				COPY_PHASE_STRIP = NO;
				DEBUG_INFORMATION_FORMAT = "dwarf-with-dsym";
				EMBEDDED_CONTENT_CONTAINS_SWIFT = YES;
				ENABLE_NS_ASSERTIONS = NO;
				ENABLE_STRICT_OBJC_MSGSEND = YES;
				GCC_C_LANGUAGE_STANDARD = gnu99;
				GCC_NO_COMMON_BLOCKS = YES;
				GCC_WARN_64_TO_32_BIT_CONVERSION = YES;
				GCC_WARN_ABOUT_RETURN_TYPE = YES_ERROR;
				GCC_WARN_UNDECLARED_SELECTOR = YES;
				GCC_WARN_UNINITIALIZED_AUTOS = YES_AGGRESSIVE;
				GCC_WARN_UNUSED_FUNCTION = YES;
				GCC_WARN_UNUSED_VARIABLE = YES;
				IPHONEOS_DEPLOYMENT_TARGET = 9.0;
				MTL_ENABLE_DEBUG_INFO = NO;
				SDKROOT = iphoneos;
				TARGETED_DEVICE_FAMILY = "1,2";
				VALIDATE_PRODUCT = YES;
			};
			name = Release;
		};
		956AF1DE1BD4F09200464E9E /* Debug */ = {
			isa = XCBuildConfiguration;
			buildSettings = {
				ASSETCATALOG_COMPILER_APPICON_NAME = AppIcon;
				EMBEDDED_CONTENT_CONTAINS_SWIFT = YES;
				INFOPLIST_FILE = "Desman iOS Sample/Info.plist";
				IPHONEOS_DEPLOYMENT_TARGET = 8.0;
				LD_RUNPATH_SEARCH_PATHS = "$(inherited) @executable_path/Frameworks";
				PRODUCT_BUNDLE_IDENTIFIER = "it.dimension.Desman-iOS-Sample";
				PRODUCT_NAME = "$(TARGET_NAME)";
			};
			name = Debug;
		};
		956AF1DF1BD4F09200464E9E /* Release */ = {
			isa = XCBuildConfiguration;
			buildSettings = {
				ASSETCATALOG_COMPILER_APPICON_NAME = AppIcon;
				EMBEDDED_CONTENT_CONTAINS_SWIFT = YES;
				INFOPLIST_FILE = "Desman iOS Sample/Info.plist";
				IPHONEOS_DEPLOYMENT_TARGET = 8.0;
				LD_RUNPATH_SEARCH_PATHS = "$(inherited) @executable_path/Frameworks";
				PRODUCT_BUNDLE_IDENTIFIER = "it.dimension.Desman-iOS-Sample";
				PRODUCT_NAME = "$(TARGET_NAME)";
			};
			name = Release;
		};
		956AF1E11BD4F09200464E9E /* Debug */ = {
			isa = XCBuildConfiguration;
			buildSettings = {
				BUNDLE_LOADER = "$(TEST_HOST)";
				INFOPLIST_FILE = "Desman iOS SampleTests/Info.plist";
				LD_RUNPATH_SEARCH_PATHS = "$(inherited) @executable_path/Frameworks @loader_path/Frameworks";
				PRODUCT_BUNDLE_IDENTIFIER = "it.dimension.Desman-iOS-SampleTests";
				PRODUCT_NAME = "$(TARGET_NAME)";
				TEST_HOST = "$(BUILT_PRODUCTS_DIR)/Desman iOS Sample.app/Desman iOS Sample";
			};
			name = Debug;
		};
		956AF1E21BD4F09200464E9E /* Release */ = {
			isa = XCBuildConfiguration;
			buildSettings = {
				BUNDLE_LOADER = "$(TEST_HOST)";
				INFOPLIST_FILE = "Desman iOS SampleTests/Info.plist";
				LD_RUNPATH_SEARCH_PATHS = "$(inherited) @executable_path/Frameworks @loader_path/Frameworks";
				PRODUCT_BUNDLE_IDENTIFIER = "it.dimension.Desman-iOS-SampleTests";
				PRODUCT_NAME = "$(TARGET_NAME)";
				TEST_HOST = "$(BUILT_PRODUCTS_DIR)/Desman iOS Sample.app/Desman iOS Sample";
			};
			name = Release;
		};
		956AF1E41BD4F09200464E9E /* Debug */ = {
			isa = XCBuildConfiguration;
			buildSettings = {
				INFOPLIST_FILE = "Desman iOS SampleUITests/Info.plist";
				LD_RUNPATH_SEARCH_PATHS = "$(inherited) @executable_path/Frameworks @loader_path/Frameworks";
				PRODUCT_BUNDLE_IDENTIFIER = "it.dimension.Desman-iOS-SampleUITests";
				PRODUCT_NAME = "$(TARGET_NAME)";
				TEST_TARGET_NAME = "Desman iOS Sample";
				USES_XCTRUNNER = YES;
			};
			name = Debug;
		};
		956AF1E51BD4F09200464E9E /* Release */ = {
			isa = XCBuildConfiguration;
			buildSettings = {
				INFOPLIST_FILE = "Desman iOS SampleUITests/Info.plist";
				LD_RUNPATH_SEARCH_PATHS = "$(inherited) @executable_path/Frameworks @loader_path/Frameworks";
				PRODUCT_BUNDLE_IDENTIFIER = "it.dimension.Desman-iOS-SampleUITests";
				PRODUCT_NAME = "$(TARGET_NAME)";
				TEST_TARGET_NAME = "Desman iOS Sample";
				USES_XCTRUNNER = YES;
			};
			name = Release;
		};
		956AF2031BD4F0AF00464E9E /* Debug */ = {
			isa = XCBuildConfiguration;
			buildSettings = {
				CLANG_ENABLE_MODULES = YES;
				CURRENT_PROJECT_VERSION = 0.1.0;
				DEFINES_MODULE = YES;
				DYLIB_COMPATIBILITY_VERSION = 0.1.0;
				DYLIB_CURRENT_VERSION = 0.1.0;
				DYLIB_INSTALL_NAME_BASE = "@rpath";
				INFOPLIST_FILE = Desman/Info.plist;
				INSTALL_PATH = "$(LOCAL_LIBRARY_DIR)/Frameworks";
				IPHONEOS_DEPLOYMENT_TARGET = 8.0;
				LD_RUNPATH_SEARCH_PATHS = "$(inherited) @executable_path/Frameworks @loader_path/Frameworks";
				OTHER_SWIFT_FLAGS = "-D DEBUG";
				PRODUCT_BUNDLE_IDENTIFIER = it.dimension.Desman;
				PRODUCT_NAME = "$(TARGET_NAME)";
				SKIP_INSTALL = YES;
				SWIFT_OPTIMIZATION_LEVEL = "-Onone";
				VERSIONING_SYSTEM = "apple-generic";
				VERSION_INFO_PREFIX = "";
			};
			name = Debug;
		};
		956AF2041BD4F0AF00464E9E /* Release */ = {
			isa = XCBuildConfiguration;
			buildSettings = {
				CLANG_ENABLE_MODULES = YES;
				CURRENT_PROJECT_VERSION = 0.1.0;
				DEFINES_MODULE = YES;
				DYLIB_COMPATIBILITY_VERSION = 0.1.0;
				DYLIB_CURRENT_VERSION = 0.1.0;
				DYLIB_INSTALL_NAME_BASE = "@rpath";
				INFOPLIST_FILE = Desman/Info.plist;
				INSTALL_PATH = "$(LOCAL_LIBRARY_DIR)/Frameworks";
				IPHONEOS_DEPLOYMENT_TARGET = 8.0;
				LD_RUNPATH_SEARCH_PATHS = "$(inherited) @executable_path/Frameworks @loader_path/Frameworks";
				OTHER_SWIFT_FLAGS = "";
				PRODUCT_BUNDLE_IDENTIFIER = it.dimension.Desman;
				PRODUCT_NAME = "$(TARGET_NAME)";
				SKIP_INSTALL = YES;
				VERSIONING_SYSTEM = "apple-generic";
				VERSION_INFO_PREFIX = "";
			};
			name = Release;
		};
		956AF2071BD4F0AF00464E9E /* Debug */ = {
			isa = XCBuildConfiguration;
			buildSettings = {
				INFOPLIST_FILE = DesmanTests/Info.plist;
				LD_RUNPATH_SEARCH_PATHS = "$(inherited) @executable_path/Frameworks @loader_path/Frameworks";
				PRODUCT_BUNDLE_IDENTIFIER = it.dimension.DesmanTests;
				PRODUCT_NAME = "$(TARGET_NAME)";
				TEST_HOST = "$(BUILT_PRODUCTS_DIR)/Desman iOS Sample.app/Desman iOS Sample";
			};
			name = Debug;
		};
		956AF2081BD4F0AF00464E9E /* Release */ = {
			isa = XCBuildConfiguration;
			buildSettings = {
				INFOPLIST_FILE = DesmanTests/Info.plist;
				LD_RUNPATH_SEARCH_PATHS = "$(inherited) @executable_path/Frameworks @loader_path/Frameworks";
				PRODUCT_BUNDLE_IDENTIFIER = it.dimension.DesmanTests;
				PRODUCT_NAME = "$(TARGET_NAME)";
				TEST_HOST = "$(BUILT_PRODUCTS_DIR)/Desman iOS Sample.app/Desman iOS Sample";
			};
			name = Release;
		};
/* End XCBuildConfiguration section */

/* Begin XCConfigurationList section */
		956AF1B01BD4F09200464E9E /* Build configuration list for PBXProject "Desman" */ = {
			isa = XCConfigurationList;
			buildConfigurations = (
				956AF1DB1BD4F09200464E9E /* Debug */,
				956AF1DC1BD4F09200464E9E /* Release */,
			);
			defaultConfigurationIsVisible = 0;
			defaultConfigurationName = Release;
		};
		956AF1DD1BD4F09200464E9E /* Build configuration list for PBXNativeTarget "Desman iOS Sample" */ = {
			isa = XCConfigurationList;
			buildConfigurations = (
				956AF1DE1BD4F09200464E9E /* Debug */,
				956AF1DF1BD4F09200464E9E /* Release */,
			);
			defaultConfigurationIsVisible = 0;
			defaultConfigurationName = Release;
		};
		956AF1E01BD4F09200464E9E /* Build configuration list for PBXNativeTarget "Desman iOS SampleTests" */ = {
			isa = XCConfigurationList;
			buildConfigurations = (
				956AF1E11BD4F09200464E9E /* Debug */,
				956AF1E21BD4F09200464E9E /* Release */,
			);
			defaultConfigurationIsVisible = 0;
			defaultConfigurationName = Release;
		};
		956AF1E31BD4F09200464E9E /* Build configuration list for PBXNativeTarget "Desman iOS SampleUITests" */ = {
			isa = XCConfigurationList;
			buildConfigurations = (
				956AF1E41BD4F09200464E9E /* Debug */,
				956AF1E51BD4F09200464E9E /* Release */,
			);
			defaultConfigurationIsVisible = 0;
			defaultConfigurationName = Release;
		};
		956AF2021BD4F0AF00464E9E /* Build configuration list for PBXNativeTarget "Desman" */ = {
			isa = XCConfigurationList;
			buildConfigurations = (
				956AF2031BD4F0AF00464E9E /* Debug */,
				956AF2041BD4F0AF00464E9E /* Release */,
			);
			defaultConfigurationIsVisible = 0;
			defaultConfigurationName = Release;
		};
		956AF2061BD4F0AF00464E9E /* Build configuration list for PBXNativeTarget "DesmanTests" */ = {
			isa = XCConfigurationList;
			buildConfigurations = (
				956AF2071BD4F0AF00464E9E /* Debug */,
				956AF2081BD4F0AF00464E9E /* Release */,
			);
			defaultConfigurationIsVisible = 0;
			defaultConfigurationName = Release;
		};
/* End XCConfigurationList section */
	};
	rootObject = 956AF1AD1BD4F09200464E9E /* Project object */;
}
