// !$*UTF8*$!
{
	archiveVersion = 1;
	classes = {
	};
	objectVersion = 46;
	objects = {

/* Begin PBXBuildFile section */
		950871A31BE0C006000C54AE /* ViewController.swift in Sources */ = {isa = PBXBuildFile; fileRef = 950871A21BE0C006000C54AE /* ViewController.swift */; };
		9509B5E81BF5FB2D00F3465A /* App.swift in Sources */ = {isa = PBXBuildFile; fileRef = 9509B5E41BF5FB2D00F3465A /* App.swift */; };
		9509B5E91BF5FB2D00F3465A /* Event.swift in Sources */ = {isa = PBXBuildFile; fileRef = 9509B5E51BF5FB2D00F3465A /* Event.swift */; };
		9509B5EA1BF5FB2D00F3465A /* Type.swift in Sources */ = {isa = PBXBuildFile; fileRef = 9509B5E61BF5FB2D00F3465A /* Type.swift */; };
		9509B5EB1BF5FB2D00F3465A /* User.swift in Sources */ = {isa = PBXBuildFile; fileRef = 9509B5E71BF5FB2D00F3465A /* User.swift */; };
		9509B5EF1BF5FB7300F3465A /* EventManager.swift in Sources */ = {isa = PBXBuildFile; fileRef = 9509B5ED1BF5FB7300F3465A /* EventManager.swift */; };
		9509B5F01BF5FB7300F3465A /* UploadManager.swift in Sources */ = {isa = PBXBuildFile; fileRef = 9509B5EE1BF5FB7300F3465A /* UploadManager.swift */; };
		9509B5F51BF5FBB900F3465A /* AppInfo.swift in Sources */ = {isa = PBXBuildFile; fileRef = 9509B5F21BF5FBB900F3465A /* AppInfo.swift */; };
		9509B5F61BF5FBB900F3465A /* DeviceInfo.swift in Sources */ = {isa = PBXBuildFile; fileRef = 9509B5F31BF5FBB900F3465A /* DeviceInfo.swift */; };
		9509B5F71BF5FBB900F3465A /* UserInfo.swift in Sources */ = {isa = PBXBuildFile; fileRef = 9509B5F41BF5FBB900F3465A /* UserInfo.swift */; };
		9520297B1BF630460067AB29 /* UIViewController+Desman.swift in Sources */ = {isa = PBXBuildFile; fileRef = 9520297A1BF630460067AB29 /* UIViewController+Desman.swift */; };
		9535C09B1BF8C159008F6FA2 /* EventsTableViewController.swift in Sources */ = {isa = PBXBuildFile; fileRef = 954B612D1BF3BA2C004FA6F2 /* EventsTableViewController.swift */; };
		9535C09C1BF8C159008F6FA2 /* EventDetailTableViewController.swift in Sources */ = {isa = PBXBuildFile; fileRef = 954B612C1BF3BA2C004FA6F2 /* EventDetailTableViewController.swift */; };
		9535C09D1BF8C159008F6FA2 /* GlobalSplitViewController.swift in Sources */ = {isa = PBXBuildFile; fileRef = 954B612F1BF3BA2C004FA6F2 /* GlobalSplitViewController.swift */; };
		9535C09E1BF8C159008F6FA2 /* ImageViewController.swift in Sources */ = {isa = PBXBuildFile; fileRef = 954B61301BF3BA2C004FA6F2 /* ImageViewController.swift */; };
		9535C09F1BF8C19F008F6FA2 /* ImageCache.swift in Sources */ = {isa = PBXBuildFile; fileRef = 9509B60E1BF5FEB700F3465A /* ImageCache.swift */; };
		9535C0A01BF8C19F008F6FA2 /* UIImageView+Desman.swift in Sources */ = {isa = PBXBuildFile; fileRef = 9509B6221BF62A8000F3465A /* UIImageView+Desman.swift */; };
		9535C0A11BF8C1A3008F6FA2 /* AppTableViewCell.swift in Sources */ = {isa = PBXBuildFile; fileRef = 9509B6021BF5FE7700F3465A /* AppTableViewCell.swift */; };
		9535C0A21BF8C1A3008F6FA2 /* EventTableViewCell.swift in Sources */ = {isa = PBXBuildFile; fileRef = 9509B6031BF5FE7700F3465A /* EventTableViewCell.swift */; };
		9535C0A31BF8C1A3008F6FA2 /* UserTableViewCell.swift in Sources */ = {isa = PBXBuildFile; fileRef = 9509B6041BF5FE7700F3465A /* UserTableViewCell.swift */; };
		9535C0A41BF8C1A7008F6FA2 /* Media.xcassets in Resources */ = {isa = PBXBuildFile; fileRef = 9509B6101BF5FEEC00F3465A /* Media.xcassets */; };
		9535C0A51BF8C1AB008F6FA2 /* Desman.storyboard in Resources */ = {isa = PBXBuildFile; fileRef = 9509B6081BF5FE8B00F3465A /* Desman.storyboard */; };
		9535C0A61BF8C1AB008F6FA2 /* Event.storyboard in Resources */ = {isa = PBXBuildFile; fileRef = 9509B6091BF5FE8B00F3465A /* Event.storyboard */; };
		9535C0C01BF8C1E4008F6FA2 /* Remote.storyboard in Resources */ = {isa = PBXBuildFile; fileRef = 9509B61E1BF6275300F3465A /* Remote.storyboard */; };
		9535C0C11BF8C1E8008F6FA2 /* AppsTableViewController.swift in Sources */ = {isa = PBXBuildFile; fileRef = 9509B6191BF6273300F3465A /* AppsTableViewController.swift */; };
		9535C0C21BF8C1E8008F6FA2 /* UsersTableViewController.swift in Sources */ = {isa = PBXBuildFile; fileRef = 9509B61A1BF6273300F3465A /* UsersTableViewController.swift */; };
		9535C0C31BF8C1EB008F6FA2 /* RemoteManager.swift in Sources */ = {isa = PBXBuildFile; fileRef = 9509B6201BF627CD00F3465A /* RemoteManager.swift */; };
		9535C0C51BF8C1FF008F6FA2 /* libz.tbd in Frameworks */ = {isa = PBXBuildFile; fileRef = 9535C0C41BF8C1FF008F6FA2 /* libz.tbd */; };
		9535C1111BF8C694008F6FA2 /* App.swift in Sources */ = {isa = PBXBuildFile; fileRef = 9509B5E41BF5FB2D00F3465A /* App.swift */; };
		9535C1121BF8C694008F6FA2 /* Event.swift in Sources */ = {isa = PBXBuildFile; fileRef = 9509B5E51BF5FB2D00F3465A /* Event.swift */; };
		9535C1131BF8C694008F6FA2 /* Type.swift in Sources */ = {isa = PBXBuildFile; fileRef = 9509B5E61BF5FB2D00F3465A /* Type.swift */; };
		9535C1141BF8C694008F6FA2 /* User.swift in Sources */ = {isa = PBXBuildFile; fileRef = 9509B5E71BF5FB2D00F3465A /* User.swift */; };
		9535C1151BF8C695008F6FA2 /* App.swift in Sources */ = {isa = PBXBuildFile; fileRef = 9509B5E41BF5FB2D00F3465A /* App.swift */; };
		9535C1161BF8C695008F6FA2 /* Event.swift in Sources */ = {isa = PBXBuildFile; fileRef = 9509B5E51BF5FB2D00F3465A /* Event.swift */; };
		9535C1171BF8C695008F6FA2 /* Type.swift in Sources */ = {isa = PBXBuildFile; fileRef = 9509B5E61BF5FB2D00F3465A /* Type.swift */; };
		9535C1181BF8C695008F6FA2 /* User.swift in Sources */ = {isa = PBXBuildFile; fileRef = 9509B5E71BF5FB2D00F3465A /* User.swift */; };
		9535C1191BF8C697008F6FA2 /* EventManager.swift in Sources */ = {isa = PBXBuildFile; fileRef = 9509B5ED1BF5FB7300F3465A /* EventManager.swift */; };
		9535C11A1BF8C697008F6FA2 /* UploadManager.swift in Sources */ = {isa = PBXBuildFile; fileRef = 9509B5EE1BF5FB7300F3465A /* UploadManager.swift */; };
		9535C11B1BF8C697008F6FA2 /* NotificationCenterManager.swift in Sources */ = {isa = PBXBuildFile; fileRef = 954B61421BF3BA9D004FA6F2 /* NotificationCenterManager.swift */; };
		9535C11C1BF8C698008F6FA2 /* EventManager.swift in Sources */ = {isa = PBXBuildFile; fileRef = 9509B5ED1BF5FB7300F3465A /* EventManager.swift */; };
		9535C11D1BF8C698008F6FA2 /* UploadManager.swift in Sources */ = {isa = PBXBuildFile; fileRef = 9509B5EE1BF5FB7300F3465A /* UploadManager.swift */; };
		9535C11E1BF8C698008F6FA2 /* NotificationCenterManager.swift in Sources */ = {isa = PBXBuildFile; fileRef = 954B61421BF3BA9D004FA6F2 /* NotificationCenterManager.swift */; };
		9535C11F1BF8C69A008F6FA2 /* AppInfo.swift in Sources */ = {isa = PBXBuildFile; fileRef = 9509B5F21BF5FBB900F3465A /* AppInfo.swift */; };
		9535C1201BF8C69A008F6FA2 /* DeviceInfo.swift in Sources */ = {isa = PBXBuildFile; fileRef = 9509B5F31BF5FBB900F3465A /* DeviceInfo.swift */; };
		9535C1211BF8C69A008F6FA2 /* UserInfo.swift in Sources */ = {isa = PBXBuildFile; fileRef = 9509B5F41BF5FBB900F3465A /* UserInfo.swift */; };
		9535C1221BF8C69A008F6FA2 /* AppInfo.swift in Sources */ = {isa = PBXBuildFile; fileRef = 9509B5F21BF5FBB900F3465A /* AppInfo.swift */; };
		9535C1231BF8C69A008F6FA2 /* DeviceInfo.swift in Sources */ = {isa = PBXBuildFile; fileRef = 9509B5F31BF5FBB900F3465A /* DeviceInfo.swift */; };
		9535C1241BF8C69A008F6FA2 /* UserInfo.swift in Sources */ = {isa = PBXBuildFile; fileRef = 9509B5F41BF5FBB900F3465A /* UserInfo.swift */; };
		9535C1251BF8C69D008F6FA2 /* UIViewController+Desman.swift in Sources */ = {isa = PBXBuildFile; fileRef = 9520297A1BF630460067AB29 /* UIViewController+Desman.swift */; };
		9535C1261BF8C69E008F6FA2 /* UIViewController+Desman.swift in Sources */ = {isa = PBXBuildFile; fileRef = 9520297A1BF630460067AB29 /* UIViewController+Desman.swift */; };
		9535C1271BF8C6A0008F6FA2 /* FeedbackComposeViewController.swift in Sources */ = {isa = PBXBuildFile; fileRef = 954B612E1BF3BA2C004FA6F2 /* FeedbackComposeViewController.swift */; };
		9535C1281BF8C6A0008F6FA2 /* FeedbackComposeViewController.swift in Sources */ = {isa = PBXBuildFile; fileRef = 954B612E1BF3BA2C004FA6F2 /* FeedbackComposeViewController.swift */; };
		9535C1291BF8C6A9008F6FA2 /* EventsTableViewController.swift in Sources */ = {isa = PBXBuildFile; fileRef = 954B612D1BF3BA2C004FA6F2 /* EventsTableViewController.swift */; };
		9535C12A1BF8C6A9008F6FA2 /* EventDetailTableViewController.swift in Sources */ = {isa = PBXBuildFile; fileRef = 954B612C1BF3BA2C004FA6F2 /* EventDetailTableViewController.swift */; };
		9535C12B1BF8C6A9008F6FA2 /* GlobalSplitViewController.swift in Sources */ = {isa = PBXBuildFile; fileRef = 954B612F1BF3BA2C004FA6F2 /* GlobalSplitViewController.swift */; };
		9535C12C1BF8C6A9008F6FA2 /* ImageViewController.swift in Sources */ = {isa = PBXBuildFile; fileRef = 954B61301BF3BA2C004FA6F2 /* ImageViewController.swift */; };
		9535C12D1BF8C6AC008F6FA2 /* ImageCache.swift in Sources */ = {isa = PBXBuildFile; fileRef = 9509B60E1BF5FEB700F3465A /* ImageCache.swift */; };
		9535C12E1BF8C6AC008F6FA2 /* UIImageView+Desman.swift in Sources */ = {isa = PBXBuildFile; fileRef = 9509B6221BF62A8000F3465A /* UIImageView+Desman.swift */; };
		9535C12F1BF8C6AE008F6FA2 /* AppTableViewCell.swift in Sources */ = {isa = PBXBuildFile; fileRef = 9509B6021BF5FE7700F3465A /* AppTableViewCell.swift */; };
		9535C1301BF8C6AE008F6FA2 /* EventTableViewCell.swift in Sources */ = {isa = PBXBuildFile; fileRef = 9509B6031BF5FE7700F3465A /* EventTableViewCell.swift */; };
		9535C1311BF8C6AE008F6FA2 /* UserTableViewCell.swift in Sources */ = {isa = PBXBuildFile; fileRef = 9509B6041BF5FE7700F3465A /* UserTableViewCell.swift */; };
		9535C1321BF8C6B1008F6FA2 /* Media.xcassets in Resources */ = {isa = PBXBuildFile; fileRef = 9509B6101BF5FEEC00F3465A /* Media.xcassets */; };
		9535C1331BF8C6B1008F6FA2 /* Desman.storyboard in Resources */ = {isa = PBXBuildFile; fileRef = 9509B6081BF5FE8B00F3465A /* Desman.storyboard */; };
		9535C1341BF8C6B1008F6FA2 /* Event.storyboard in Resources */ = {isa = PBXBuildFile; fileRef = 9509B6091BF5FE8B00F3465A /* Event.storyboard */; };
		9535C1351BF8C6B9008F6FA2 /* UIViewController-Swizzle.swift in Sources */ = {isa = PBXBuildFile; fileRef = 9509B5FC1BF5FE1400F3465A /* UIViewController-Swizzle.swift */; };
		9535C1361BF8C6C2008F6FA2 /* UIViewController-Swizzle.swift in Sources */ = {isa = PBXBuildFile; fileRef = 9509B5FC1BF5FE1400F3465A /* UIViewController-Swizzle.swift */; };
		9535C1371BF8C6C2008F6FA2 /* UIViewController-Swizzle.swift in Sources */ = {isa = PBXBuildFile; fileRef = 9509B5FC1BF5FE1400F3465A /* UIViewController-Swizzle.swift */; };
		9535C1381BF8C6C4008F6FA2 /* CrashManager.swift in Sources */ = {isa = PBXBuildFile; fileRef = 9535C08C1BF889F9008F6FA2 /* CrashManager.swift */; };
		9535C1391BF8C6C5008F6FA2 /* CrashManager.swift in Sources */ = {isa = PBXBuildFile; fileRef = 9535C08C1BF889F9008F6FA2 /* CrashManager.swift */; };
		9535C13A1BF8C6C5008F6FA2 /* CrashManager.swift in Sources */ = {isa = PBXBuildFile; fileRef = 9535C08C1BF889F9008F6FA2 /* CrashManager.swift */; };
		9535C13B1BF8C6E5008F6FA2 /* libz.tbd in Frameworks */ = {isa = PBXBuildFile; fileRef = 9535C0C41BF8C1FF008F6FA2 /* libz.tbd */; };
		9535C1411BF8C887008F6FA2 /* Desman.h in Headers */ = {isa = PBXBuildFile; fileRef = 956AF1ED1BD4F0AF00464E9E /* Desman.h */; settings = {ATTRIBUTES = (Public, ); }; };
		9535C1421BF8C887008F6FA2 /* Desman.h in Headers */ = {isa = PBXBuildFile; fileRef = 956AF1ED1BD4F0AF00464E9E /* Desman.h */; settings = {ATTRIBUTES = (Public, ); }; };
		9535C14D1BF8CB77008F6FA2 /* Desman.framework in Frameworks */ = {isa = PBXBuildFile; fileRef = 9535C0B81BF8C1D8008F6FA2 /* Desman.framework */; };
		9535C14E1BF8CB77008F6FA2 /* Desman.framework in Embed Frameworks */ = {isa = PBXBuildFile; fileRef = 9535C0B81BF8C1D8008F6FA2 /* Desman.framework */; settings = {ATTRIBUTES = (CodeSignOnCopy, RemoveHeadersOnCopy, ); }; };
		9535C15C1BF8D722008F6FA2 /* CrashReporter.framework in Frameworks */ = {isa = PBXBuildFile; fileRef = 9535C15A1BF8D6FD008F6FA2 /* CrashReporter.framework */; settings = {ATTRIBUTES = (Required, ); }; };
		9535C15D1BF8D723008F6FA2 /* CrashReporter.framework in Frameworks */ = {isa = PBXBuildFile; fileRef = 9535C15A1BF8D6FD008F6FA2 /* CrashReporter.framework */; settings = {ATTRIBUTES = (Required, ); }; };
		9535C15E1BF8D723008F6FA2 /* CrashReporter.framework in Frameworks */ = {isa = PBXBuildFile; fileRef = 9535C15A1BF8D6FD008F6FA2 /* CrashReporter.framework */; settings = {ATTRIBUTES = (Required, ); }; };
		9535C15F1BF8D744008F6FA2 /* CrashReporter.framework in Frameworks */ = {isa = PBXBuildFile; fileRef = 9535C15A1BF8D6FD008F6FA2 /* CrashReporter.framework */; };
		9535C1601BF8D744008F6FA2 /* CrashReporter.framework in Embed Frameworks */ = {isa = PBXBuildFile; fileRef = 9535C15A1BF8D6FD008F6FA2 /* CrashReporter.framework */; settings = {ATTRIBUTES = (CodeSignOnCopy, RemoveHeadersOnCopy, ); }; };
		9535C1621BF8DA00008F6FA2 /* SwiftWebSocket.framework in Frameworks */ = {isa = PBXBuildFile; fileRef = 9535C1611BF8DA00008F6FA2 /* SwiftWebSocket.framework */; };
		954B61351BF3BA2C004FA6F2 /* FeedbackComposeViewController.swift in Sources */ = {isa = PBXBuildFile; fileRef = 954B612E1BF3BA2C004FA6F2 /* FeedbackComposeViewController.swift */; };
		954B61461BF3BA9D004FA6F2 /* NotificationCenterManager.swift in Sources */ = {isa = PBXBuildFile; fileRef = 954B61421BF3BA9D004FA6F2 /* NotificationCenterManager.swift */; };
		955A58A01BDFD3D70046A781 /* SampleType.swift in Sources */ = {isa = PBXBuildFile; fileRef = 952D19F81BDE9A8300988338 /* SampleType.swift */; };
		956AF1B91BD4F09200464E9E /* AppDelegate.swift in Sources */ = {isa = PBXBuildFile; fileRef = 956AF1B81BD4F09200464E9E /* AppDelegate.swift */; };
		956AF1BE1BD4F09200464E9E /* Main.storyboard in Resources */ = {isa = PBXBuildFile; fileRef = 956AF1BC1BD4F09200464E9E /* Main.storyboard */; };
		956AF1C01BD4F09200464E9E /* Assets.xcassets in Resources */ = {isa = PBXBuildFile; fileRef = 956AF1BF1BD4F09200464E9E /* Assets.xcassets */; };
		956AF1C31BD4F09200464E9E /* LaunchScreen.storyboard in Resources */ = {isa = PBXBuildFile; fileRef = 956AF1C11BD4F09200464E9E /* LaunchScreen.storyboard */; };
		956AF1EE1BD4F0AF00464E9E /* Desman.h in Headers */ = {isa = PBXBuildFile; fileRef = 956AF1ED1BD4F0AF00464E9E /* Desman.h */; settings = {ATTRIBUTES = (Public, ); }; };
/* End PBXBuildFile section */

/* Begin PBXContainerItemProxy section */
		9535C14F1BF8CB77008F6FA2 /* PBXContainerItemProxy */ = {
			isa = PBXContainerItemProxy;
			containerPortal = 956AF1AD1BD4F09200464E9E /* Project object */;
			proxyType = 1;
			remoteGlobalIDString = 9535C0B71BF8C1D8008F6FA2;
			remoteInfo = "Desman Remote iOS";
		};
/* End PBXContainerItemProxy section */

/* Begin PBXCopyFilesBuildPhase section */
		9535C1511BF8CB78008F6FA2 /* Embed Frameworks */ = {
			isa = PBXCopyFilesBuildPhase;
			buildActionMask = 2147483647;
			dstPath = "";
			dstSubfolderSpec = 10;
			files = (
				9535C14E1BF8CB77008F6FA2 /* Desman.framework in Embed Frameworks */,
				9535C1601BF8D744008F6FA2 /* CrashReporter.framework in Embed Frameworks */,
			);
			name = "Embed Frameworks";
			runOnlyForDeploymentPostprocessing = 0;
		};
/* End PBXCopyFilesBuildPhase section */

/* Begin PBXFileReference section */
		9508719E1BE0BF45000C54AE /* README.md */ = {isa = PBXFileReference; lastKnownFileType = net.daringfireball.markdown; path = README.md; sourceTree = "<group>"; };
		950871A21BE0C006000C54AE /* ViewController.swift */ = {isa = PBXFileReference; fileEncoding = 4; lastKnownFileType = sourcecode.swift; path = ViewController.swift; sourceTree = "<group>"; };
		9509B5E41BF5FB2D00F3465A /* App.swift */ = {isa = PBXFileReference; fileEncoding = 4; lastKnownFileType = sourcecode.swift; path = App.swift; sourceTree = "<group>"; };
		9509B5E51BF5FB2D00F3465A /* Event.swift */ = {isa = PBXFileReference; fileEncoding = 4; lastKnownFileType = sourcecode.swift; path = Event.swift; sourceTree = "<group>"; };
		9509B5E61BF5FB2D00F3465A /* Type.swift */ = {isa = PBXFileReference; fileEncoding = 4; lastKnownFileType = sourcecode.swift; path = Type.swift; sourceTree = "<group>"; };
		9509B5E71BF5FB2D00F3465A /* User.swift */ = {isa = PBXFileReference; fileEncoding = 4; lastKnownFileType = sourcecode.swift; path = User.swift; sourceTree = "<group>"; };
		9509B5ED1BF5FB7300F3465A /* EventManager.swift */ = {isa = PBXFileReference; fileEncoding = 4; lastKnownFileType = sourcecode.swift; path = EventManager.swift; sourceTree = "<group>"; };
		9509B5EE1BF5FB7300F3465A /* UploadManager.swift */ = {isa = PBXFileReference; fileEncoding = 4; lastKnownFileType = sourcecode.swift; path = UploadManager.swift; sourceTree = "<group>"; };
		9509B5F21BF5FBB900F3465A /* AppInfo.swift */ = {isa = PBXFileReference; fileEncoding = 4; lastKnownFileType = sourcecode.swift; path = AppInfo.swift; sourceTree = "<group>"; };
		9509B5F31BF5FBB900F3465A /* DeviceInfo.swift */ = {isa = PBXFileReference; fileEncoding = 4; lastKnownFileType = sourcecode.swift; path = DeviceInfo.swift; sourceTree = "<group>"; };
		9509B5F41BF5FBB900F3465A /* UserInfo.swift */ = {isa = PBXFileReference; fileEncoding = 4; lastKnownFileType = sourcecode.swift; path = UserInfo.swift; sourceTree = "<group>"; };
		9509B5FC1BF5FE1400F3465A /* UIViewController-Swizzle.swift */ = {isa = PBXFileReference; fileEncoding = 4; lastKnownFileType = sourcecode.swift; path = "UIViewController-Swizzle.swift"; sourceTree = "<group>"; };
		9509B6021BF5FE7700F3465A /* AppTableViewCell.swift */ = {isa = PBXFileReference; fileEncoding = 4; lastKnownFileType = sourcecode.swift; path = AppTableViewCell.swift; sourceTree = "<group>"; };
		9509B6031BF5FE7700F3465A /* EventTableViewCell.swift */ = {isa = PBXFileReference; fileEncoding = 4; lastKnownFileType = sourcecode.swift; path = EventTableViewCell.swift; sourceTree = "<group>"; };
		9509B6041BF5FE7700F3465A /* UserTableViewCell.swift */ = {isa = PBXFileReference; fileEncoding = 4; lastKnownFileType = sourcecode.swift; path = UserTableViewCell.swift; sourceTree = "<group>"; };
		9509B6081BF5FE8B00F3465A /* Desman.storyboard */ = {isa = PBXFileReference; fileEncoding = 4; lastKnownFileType = file.storyboard; path = Desman.storyboard; sourceTree = "<group>"; };
		9509B6091BF5FE8B00F3465A /* Event.storyboard */ = {isa = PBXFileReference; fileEncoding = 4; lastKnownFileType = file.storyboard; path = Event.storyboard; sourceTree = "<group>"; };
		9509B60E1BF5FEB700F3465A /* ImageCache.swift */ = {isa = PBXFileReference; fileEncoding = 4; lastKnownFileType = sourcecode.swift; path = ImageCache.swift; sourceTree = "<group>"; };
		9509B6101BF5FEEC00F3465A /* Media.xcassets */ = {isa = PBXFileReference; lastKnownFileType = folder.assetcatalog; path = Media.xcassets; sourceTree = "<group>"; };
		9509B6131BF6014300F3465A /* Desman.podspec */ = {isa = PBXFileReference; lastKnownFileType = text; path = Desman.podspec; sourceTree = SOURCE_ROOT; };
		9509B6191BF6273300F3465A /* AppsTableViewController.swift */ = {isa = PBXFileReference; fileEncoding = 4; lastKnownFileType = sourcecode.swift; path = AppsTableViewController.swift; sourceTree = "<group>"; };
		9509B61A1BF6273300F3465A /* UsersTableViewController.swift */ = {isa = PBXFileReference; fileEncoding = 4; lastKnownFileType = sourcecode.swift; path = UsersTableViewController.swift; sourceTree = "<group>"; };
		9509B61E1BF6275300F3465A /* Remote.storyboard */ = {isa = PBXFileReference; fileEncoding = 4; lastKnownFileType = file.storyboard; path = Remote.storyboard; sourceTree = "<group>"; };
		9509B6201BF627CD00F3465A /* RemoteManager.swift */ = {isa = PBXFileReference; fileEncoding = 4; lastKnownFileType = sourcecode.swift; path = RemoteManager.swift; sourceTree = "<group>"; };
		9509B6221BF62A8000F3465A /* UIImageView+Desman.swift */ = {isa = PBXFileReference; fileEncoding = 4; lastKnownFileType = sourcecode.swift; path = "UIImageView+Desman.swift"; sourceTree = "<group>"; };
		9520297A1BF630460067AB29 /* UIViewController+Desman.swift */ = {isa = PBXFileReference; fileEncoding = 4; lastKnownFileType = sourcecode.swift; path = "UIViewController+Desman.swift"; sourceTree = "<group>"; };
		952D19F81BDE9A8300988338 /* SampleType.swift */ = {isa = PBXFileReference; fileEncoding = 4; lastKnownFileType = sourcecode.swift; path = SampleType.swift; sourceTree = "<group>"; };
		9535C08C1BF889F9008F6FA2 /* CrashManager.swift */ = {isa = PBXFileReference; fileEncoding = 4; lastKnownFileType = sourcecode.swift; path = CrashManager.swift; sourceTree = "<group>"; };
		9535C0931BF8C145008F6FA2 /* Desman.framework */ = {isa = PBXFileReference; explicitFileType = wrapper.framework; includeInIndex = 0; path = Desman.framework; sourceTree = BUILT_PRODUCTS_DIR; };
		9535C0B81BF8C1D8008F6FA2 /* Desman.framework */ = {isa = PBXFileReference; explicitFileType = wrapper.framework; includeInIndex = 0; path = Desman.framework; sourceTree = BUILT_PRODUCTS_DIR; };
		9535C0C41BF8C1FF008F6FA2 /* libz.tbd */ = {isa = PBXFileReference; lastKnownFileType = "sourcecode.text-based-dylib-definition"; name = libz.tbd; path = usr/lib/libz.tbd; sourceTree = SDKROOT; };
		9535C1521BF8CB97008F6FA2 /* Cartfile */ = {isa = PBXFileReference; fileEncoding = 4; lastKnownFileType = text; path = Cartfile; sourceTree = SOURCE_ROOT; };
		9535C15A1BF8D6FD008F6FA2 /* CrashReporter.framework */ = {isa = PBXFileReference; lastKnownFileType = wrapper.framework; path = CrashReporter.framework; sourceTree = "<group>"; };
		9535C1611BF8DA00008F6FA2 /* SwiftWebSocket.framework */ = {isa = PBXFileReference; lastKnownFileType = wrapper.framework; name = SwiftWebSocket.framework; path = Carthage/Build/iOS/SwiftWebSocket.framework; sourceTree = SOURCE_ROOT; };
		954B612C1BF3BA2C004FA6F2 /* EventDetailTableViewController.swift */ = {isa = PBXFileReference; fileEncoding = 4; lastKnownFileType = sourcecode.swift; path = EventDetailTableViewController.swift; sourceTree = "<group>"; };
		954B612D1BF3BA2C004FA6F2 /* EventsTableViewController.swift */ = {isa = PBXFileReference; fileEncoding = 4; lastKnownFileType = sourcecode.swift; path = EventsTableViewController.swift; sourceTree = "<group>"; };
		954B612E1BF3BA2C004FA6F2 /* FeedbackComposeViewController.swift */ = {isa = PBXFileReference; fileEncoding = 4; lastKnownFileType = sourcecode.swift; path = FeedbackComposeViewController.swift; sourceTree = "<group>"; };
		954B612F1BF3BA2C004FA6F2 /* GlobalSplitViewController.swift */ = {isa = PBXFileReference; fileEncoding = 4; lastKnownFileType = sourcecode.swift; path = GlobalSplitViewController.swift; sourceTree = "<group>"; };
		954B61301BF3BA2C004FA6F2 /* ImageViewController.swift */ = {isa = PBXFileReference; fileEncoding = 4; lastKnownFileType = sourcecode.swift; path = ImageViewController.swift; sourceTree = "<group>"; };
		954B61421BF3BA9D004FA6F2 /* NotificationCenterManager.swift */ = {isa = PBXFileReference; fileEncoding = 4; lastKnownFileType = sourcecode.swift; path = NotificationCenterManager.swift; sourceTree = "<group>"; };
		956AF1B51BD4F09200464E9E /* Desman iOS Sample.app */ = {isa = PBXFileReference; explicitFileType = wrapper.application; includeInIndex = 0; path = "Desman iOS Sample.app"; sourceTree = BUILT_PRODUCTS_DIR; };
		956AF1B81BD4F09200464E9E /* AppDelegate.swift */ = {isa = PBXFileReference; lastKnownFileType = sourcecode.swift; path = AppDelegate.swift; sourceTree = "<group>"; };
		956AF1BD1BD4F09200464E9E /* Base */ = {isa = PBXFileReference; lastKnownFileType = file.storyboard; name = Base; path = Base.lproj/Main.storyboard; sourceTree = "<group>"; };
		956AF1BF1BD4F09200464E9E /* Assets.xcassets */ = {isa = PBXFileReference; lastKnownFileType = folder.assetcatalog; path = Assets.xcassets; sourceTree = "<group>"; };
		956AF1C21BD4F09200464E9E /* Base */ = {isa = PBXFileReference; lastKnownFileType = file.storyboard; name = Base; path = Base.lproj/LaunchScreen.storyboard; sourceTree = "<group>"; };
		956AF1C41BD4F09200464E9E /* Info.plist */ = {isa = PBXFileReference; lastKnownFileType = text.plist.xml; path = Info.plist; sourceTree = "<group>"; };
		956AF1EB1BD4F0AF00464E9E /* Desman.framework */ = {isa = PBXFileReference; explicitFileType = wrapper.framework; includeInIndex = 0; path = Desman.framework; sourceTree = BUILT_PRODUCTS_DIR; };
		956AF1ED1BD4F0AF00464E9E /* Desman.h */ = {isa = PBXFileReference; lastKnownFileType = sourcecode.c.h; path = Desman.h; sourceTree = "<group>"; };
		956AF1EF1BD4F0AF00464E9E /* Info.plist */ = {isa = PBXFileReference; lastKnownFileType = text.plist.xml; path = Info.plist; sourceTree = "<group>"; };
/* End PBXFileReference section */

/* Begin PBXFrameworksBuildPhase section */
		9535C08F1BF8C145008F6FA2 /* Frameworks */ = {
			isa = PBXFrameworksBuildPhase;
			buildActionMask = 2147483647;
			files = (
				9535C13B1BF8C6E5008F6FA2 /* libz.tbd in Frameworks */,
				9535C15D1BF8D723008F6FA2 /* CrashReporter.framework in Frameworks */,
			);
			runOnlyForDeploymentPostprocessing = 0;
		};
		9535C0B41BF8C1D8008F6FA2 /* Frameworks */ = {
			isa = PBXFrameworksBuildPhase;
			buildActionMask = 2147483647;
			files = (
				9535C0C51BF8C1FF008F6FA2 /* libz.tbd in Frameworks */,
				9535C15E1BF8D723008F6FA2 /* CrashReporter.framework in Frameworks */,
				9535C1621BF8DA00008F6FA2 /* SwiftWebSocket.framework in Frameworks */,
			);
			runOnlyForDeploymentPostprocessing = 0;
		};
		956AF1B21BD4F09200464E9E /* Frameworks */ = {
			isa = PBXFrameworksBuildPhase;
			buildActionMask = 2147483647;
			files = (
				9535C15F1BF8D744008F6FA2 /* CrashReporter.framework in Frameworks */,
				9535C14D1BF8CB77008F6FA2 /* Desman.framework in Frameworks */,
			);
			runOnlyForDeploymentPostprocessing = 0;
		};
		956AF1E71BD4F0AF00464E9E /* Frameworks */ = {
			isa = PBXFrameworksBuildPhase;
			buildActionMask = 2147483647;
			files = (
				9535C15C1BF8D722008F6FA2 /* CrashReporter.framework in Frameworks */,
			);
			runOnlyForDeploymentPostprocessing = 0;
		};
/* End PBXFrameworksBuildPhase section */

/* Begin PBXGroup section */
		9509B5E21BF5FA8900F3465A /* Core */ = {
			isa = PBXGroup;
			children = (
				9520297C1BF634A70067AB29 /* Controllers */,
				952029791BF630190067AB29 /* Utilities */,
				9509B5F11BF5FBA400F3465A /* Templates */,
				9509B5EC1BF5FB3E00F3465A /* Managers */,
				954B61151BF3B4A6004FA6F2 /* Model */,
				9535C1591BF8D6DC008F6FA2 /* Vendor */,
			);
			path = Core;
			sourceTree = "<group>";
		};
		9509B5EC1BF5FB3E00F3465A /* Managers */ = {
			isa = PBXGroup;
			children = (
				9509B5ED1BF5FB7300F3465A /* EventManager.swift */,
				9509B5EE1BF5FB7300F3465A /* UploadManager.swift */,
				954B61421BF3BA9D004FA6F2 /* NotificationCenterManager.swift */,
			);
			path = Managers;
			sourceTree = "<group>";
		};
		9509B5F11BF5FBA400F3465A /* Templates */ = {
			isa = PBXGroup;
			children = (
				9509B5F21BF5FBB900F3465A /* AppInfo.swift */,
				9509B5F31BF5FBB900F3465A /* DeviceInfo.swift */,
				9509B5F41BF5FBB900F3465A /* UserInfo.swift */,
			);
			path = Templates;
			sourceTree = "<group>";
		};
		9509B5F81BF5FBD000F3465A /* Interface */ = {
			isa = PBXGroup;
			children = (
				954B612A1BF3BA04004FA6F2 /* Controllers */,
				9509B5FA1BF5FC1100F3465A /* Utilities */,
				9509B5F91BF5FBF100F3465A /* Views */,
				954B611D1BF3B52D004FA6F2 /* Assets */,
			);
			name = Interface;
			sourceTree = "<group>";
		};
		9509B5F91BF5FBF100F3465A /* Views */ = {
			isa = PBXGroup;
			children = (
				9509B6021BF5FE7700F3465A /* AppTableViewCell.swift */,
				9509B6031BF5FE7700F3465A /* EventTableViewCell.swift */,
				9509B6041BF5FE7700F3465A /* UserTableViewCell.swift */,
			);
			name = Views;
			path = Interface/Views;
			sourceTree = "<group>";
		};
		9509B5FA1BF5FC1100F3465A /* Utilities */ = {
			isa = PBXGroup;
			children = (
				9509B60E1BF5FEB700F3465A /* ImageCache.swift */,
				9509B6221BF62A8000F3465A /* UIImageView+Desman.swift */,
			);
			name = Utilities;
			path = Interface/Utilities;
			sourceTree = "<group>";
		};
		9509B5FB1BF5FD2100F3465A /* Debatable */ = {
			isa = PBXGroup;
			children = (
				9509B5FC1BF5FE1400F3465A /* UIViewController-Swizzle.swift */,
			);
			path = Debatable;
			sourceTree = "<group>";
		};
		9509B5FE1BF5FE3200F3465A /* Remote */ = {
			isa = PBXGroup;
			children = (
				9509B61D1BF6273500F3465A /* Assets */,
				9509B6141BF626E000F3465A /* Controllers */,
				9509B5FF1BF5FE4000F3465A /* Managers */,
				9509B6121BF6011E00F3465A /* Support */,
			);
			name = Remote;
			path = Remote/Assets;
			sourceTree = "<group>";
		};
		9509B5FF1BF5FE4000F3465A /* Managers */ = {
			isa = PBXGroup;
			children = (
				9509B6201BF627CD00F3465A /* RemoteManager.swift */,
			);
			name = Managers;
			path = ../Managers;
			sourceTree = "<group>";
		};
		9509B6121BF6011E00F3465A /* Support */ = {
			isa = PBXGroup;
			children = (
				9535C1611BF8DA00008F6FA2 /* SwiftWebSocket.framework */,
				9535C0C41BF8C1FF008F6FA2 /* libz.tbd */,
			);
			name = Support;
			sourceTree = "<group>";
		};
		9509B6141BF626E000F3465A /* Controllers */ = {
			isa = PBXGroup;
			children = (
				9509B6191BF6273300F3465A /* AppsTableViewController.swift */,
				9509B61A1BF6273300F3465A /* UsersTableViewController.swift */,
			);
			name = Controllers;
			path = ../Controllers;
			sourceTree = "<group>";
		};
		9509B61D1BF6273500F3465A /* Assets */ = {
			isa = PBXGroup;
			children = (
				9509B61E1BF6275300F3465A /* Remote.storyboard */,
			);
			name = Assets;
			sourceTree = "<group>";
		};
		952029791BF630190067AB29 /* Utilities */ = {
			isa = PBXGroup;
			children = (
				9520297A1BF630460067AB29 /* UIViewController+Desman.swift */,
			);
			path = Utilities;
			sourceTree = "<group>";
		};
		9520297C1BF634A70067AB29 /* Controllers */ = {
			isa = PBXGroup;
			children = (
				954B612E1BF3BA2C004FA6F2 /* FeedbackComposeViewController.swift */,
			);
			path = Controllers;
			sourceTree = "<group>";
		};
		9535C08A1BF889A0008F6FA2 /* Crash */ = {
			isa = PBXGroup;
			children = (
				9535C1541BF8CBDE008F6FA2 /* Vendor */,
				9535C08B1BF889B8008F6FA2 /* Managers */,
			);
			path = Crash;
			sourceTree = "<group>";
		};
		9535C08B1BF889B8008F6FA2 /* Managers */ = {
			isa = PBXGroup;
			children = (
				9535C08C1BF889F9008F6FA2 /* CrashManager.swift */,
			);
			path = Managers;
			sourceTree = "<group>";
		};
		9535C1541BF8CBDE008F6FA2 /* Vendor */ = {
			isa = PBXGroup;
			children = (
			);
			path = Vendor;
			sourceTree = "<group>";
		};
		9535C1591BF8D6DC008F6FA2 /* Vendor */ = {
			isa = PBXGroup;
			children = (
				9535C15A1BF8D6FD008F6FA2 /* CrashReporter.framework */,
			);
			path = Vendor;
			sourceTree = "<group>";
		};
		954B61151BF3B4A6004FA6F2 /* Model */ = {
			isa = PBXGroup;
			children = (
				9509B5E41BF5FB2D00F3465A /* App.swift */,
				9509B5E51BF5FB2D00F3465A /* Event.swift */,
				9509B5E61BF5FB2D00F3465A /* Type.swift */,
				9509B5E71BF5FB2D00F3465A /* User.swift */,
			);
			path = Model;
			sourceTree = "<group>";
		};
		954B611D1BF3B52D004FA6F2 /* Assets */ = {
			isa = PBXGroup;
			children = (
				9509B6101BF5FEEC00F3465A /* Media.xcassets */,
				9509B6081BF5FE8B00F3465A /* Desman.storyboard */,
				9509B6091BF5FE8B00F3465A /* Event.storyboard */,
			);
			name = Assets;
			path = Interface/Assets;
			sourceTree = "<group>";
		};
		954B612A1BF3BA04004FA6F2 /* Controllers */ = {
			isa = PBXGroup;
			children = (
				954B612D1BF3BA2C004FA6F2 /* EventsTableViewController.swift */,
				954B612C1BF3BA2C004FA6F2 /* EventDetailTableViewController.swift */,
				954B612F1BF3BA2C004FA6F2 /* GlobalSplitViewController.swift */,
				954B61301BF3BA2C004FA6F2 /* ImageViewController.swift */,
			);
			name = Controllers;
			path = Interface/Controllers;
			sourceTree = "<group>";
		};
		954B61491BF3BAA9004FA6F2 /* Support */ = {
			isa = PBXGroup;
			children = (
				9535C1521BF8CB97008F6FA2 /* Cartfile */,
				9509B6131BF6014300F3465A /* Desman.podspec */,
				956AF1ED1BD4F0AF00464E9E /* Desman.h */,
				956AF1EF1BD4F0AF00464E9E /* Info.plist */,
			);
			name = Support;
			sourceTree = "<group>";
		};
		956AF1AC1BD4F09200464E9E = {
			isa = PBXGroup;
			children = (
				9508719E1BE0BF45000C54AE /* README.md */,
				956AF1B71BD4F09200464E9E /* Desman iOS Sample */,
				956AF1EC1BD4F0AF00464E9E /* Desman */,
				956AF1B61BD4F09200464E9E /* Products */,
			);
			sourceTree = "<group>";
		};
		956AF1B61BD4F09200464E9E /* Products */ = {
			isa = PBXGroup;
			children = (
				956AF1B51BD4F09200464E9E /* Desman iOS Sample.app */,
				956AF1EB1BD4F0AF00464E9E /* Desman.framework */,
				9535C0931BF8C145008F6FA2 /* Desman.framework */,
				9535C0B81BF8C1D8008F6FA2 /* Desman.framework */,
			);
			name = Products;
			sourceTree = "<group>";
		};
		956AF1B71BD4F09200464E9E /* Desman iOS Sample */ = {
			isa = PBXGroup;
			children = (
				956AF1B81BD4F09200464E9E /* AppDelegate.swift */,
				950871A21BE0C006000C54AE /* ViewController.swift */,
				952D19F81BDE9A8300988338 /* SampleType.swift */,
				956AF1BC1BD4F09200464E9E /* Main.storyboard */,
				956AF1BF1BD4F09200464E9E /* Assets.xcassets */,
				956AF1C11BD4F09200464E9E /* LaunchScreen.storyboard */,
				956AF1C41BD4F09200464E9E /* Info.plist */,
			);
			path = "Desman iOS Sample";
			sourceTree = "<group>";
		};
		956AF1EC1BD4F0AF00464E9E /* Desman */ = {
			isa = PBXGroup;
			children = (
				9509B5E21BF5FA8900F3465A /* Core */,
				9509B5F81BF5FBD000F3465A /* Interface */,
				9509B5FE1BF5FE3200F3465A /* Remote */,
				9509B5FB1BF5FD2100F3465A /* Debatable */,
				9535C08A1BF889A0008F6FA2 /* Crash */,
				954B61491BF3BAA9004FA6F2 /* Support */,
			);
			path = Desman;
			sourceTree = "<group>";
		};
/* End PBXGroup section */

/* Begin PBXHeadersBuildPhase section */
		9535C0901BF8C145008F6FA2 /* Headers */ = {
			isa = PBXHeadersBuildPhase;
			buildActionMask = 2147483647;
			files = (
				9535C1411BF8C887008F6FA2 /* Desman.h in Headers */,
			);
			runOnlyForDeploymentPostprocessing = 0;
		};
		9535C0B51BF8C1D8008F6FA2 /* Headers */ = {
			isa = PBXHeadersBuildPhase;
			buildActionMask = 2147483647;
			files = (
				9535C1421BF8C887008F6FA2 /* Desman.h in Headers */,
			);
			runOnlyForDeploymentPostprocessing = 0;
		};
		956AF1E81BD4F0AF00464E9E /* Headers */ = {
			isa = PBXHeadersBuildPhase;
			buildActionMask = 2147483647;
			files = (
				956AF1EE1BD4F0AF00464E9E /* Desman.h in Headers */,
			);
			runOnlyForDeploymentPostprocessing = 0;
		};
/* End PBXHeadersBuildPhase section */

/* Begin PBXNativeTarget section */
		9535C0921BF8C145008F6FA2 /* Desman Interface iOS */ = {
			isa = PBXNativeTarget;
			buildConfigurationList = 9535C0981BF8C145008F6FA2 /* Build configuration list for PBXNativeTarget "Desman Interface iOS" */;
			buildPhases = (
				9535C08E1BF8C145008F6FA2 /* Sources */,
				9535C08F1BF8C145008F6FA2 /* Frameworks */,
				9535C0901BF8C145008F6FA2 /* Headers */,
				9535C0911BF8C145008F6FA2 /* Resources */,
			);
			buildRules = (
			);
			dependencies = (
			);
			name = "Desman Interface iOS";
			productName = "Desman Interface iOS";
			productReference = 9535C0931BF8C145008F6FA2 /* Desman.framework */;
			productType = "com.apple.product-type.framework";
		};
		9535C0B71BF8C1D8008F6FA2 /* Desman Remote iOS */ = {
			isa = PBXNativeTarget;
			buildConfigurationList = 9535C0BD1BF8C1D8008F6FA2 /* Build configuration list for PBXNativeTarget "Desman Remote iOS" */;
			buildPhases = (
				9535C0B31BF8C1D8008F6FA2 /* Sources */,
				9535C0B41BF8C1D8008F6FA2 /* Frameworks */,
				9535C0B51BF8C1D8008F6FA2 /* Headers */,
				9535C0B61BF8C1D8008F6FA2 /* Resources */,
			);
			buildRules = (
			);
			dependencies = (
			);
			name = "Desman Remote iOS";
			productName = "Desman Remote iOS";
			productReference = 9535C0B81BF8C1D8008F6FA2 /* Desman.framework */;
			productType = "com.apple.product-type.framework";
		};
		956AF1B41BD4F09200464E9E /* Desman iOS Sample */ = {
			isa = PBXNativeTarget;
			buildConfigurationList = 956AF1DD1BD4F09200464E9E /* Build configuration list for PBXNativeTarget "Desman iOS Sample" */;
			buildPhases = (
				956AF1B11BD4F09200464E9E /* Sources */,
				956AF1B21BD4F09200464E9E /* Frameworks */,
				956AF1B31BD4F09200464E9E /* Resources */,
				9535C1511BF8CB78008F6FA2 /* Embed Frameworks */,
			);
			buildRules = (
			);
			dependencies = (
				9535C1501BF8CB77008F6FA2 /* PBXTargetDependency */,
			);
			name = "Desman iOS Sample";
			productName = "Desman iOS Sample";
			productReference = 956AF1B51BD4F09200464E9E /* Desman iOS Sample.app */;
			productType = "com.apple.product-type.application";
		};
		956AF1EA1BD4F0AF00464E9E /* Desman Core iOS */ = {
			isa = PBXNativeTarget;
			buildConfigurationList = 956AF2021BD4F0AF00464E9E /* Build configuration list for PBXNativeTarget "Desman Core iOS" */;
			buildPhases = (
				956AF1E61BD4F0AF00464E9E /* Sources */,
				956AF1E71BD4F0AF00464E9E /* Frameworks */,
				956AF1E81BD4F0AF00464E9E /* Headers */,
				956AF1E91BD4F0AF00464E9E /* Resources */,
			);
			buildRules = (
			);
			dependencies = (
			);
			name = "Desman Core iOS";
			productName = Desman;
			productReference = 956AF1EB1BD4F0AF00464E9E /* Desman.framework */;
			productType = "com.apple.product-type.framework";
		};
/* End PBXNativeTarget section */

/* Begin PBXProject section */
		956AF1AD1BD4F09200464E9E /* Project object */ = {
			isa = PBXProject;
			attributes = {
				LastSwiftMigration = 0710;
				LastSwiftUpdateCheck = 0700;
				LastUpgradeCheck = 0700;
				ORGANIZATIONNAME = "DIMENSION S.r.l.";
				TargetAttributes = {
					9535C0921BF8C145008F6FA2 = {
						CreatedOnToolsVersion = 7.1;
					};
					9535C0B71BF8C1D8008F6FA2 = {
						CreatedOnToolsVersion = 7.1;
					};
					956AF1B41BD4F09200464E9E = {
						CreatedOnToolsVersion = 7.0.1;
					};
					956AF1EA1BD4F0AF00464E9E = {
						CreatedOnToolsVersion = 7.0.1;
					};
				};
			};
			buildConfigurationList = 956AF1B01BD4F09200464E9E /* Build configuration list for PBXProject "Desman" */;
			compatibilityVersion = "Xcode 3.2";
			developmentRegion = English;
			hasScannedForEncodings = 0;
			knownRegions = (
				en,
				Base,
			);
			mainGroup = 956AF1AC1BD4F09200464E9E;
			productRefGroup = 956AF1B61BD4F09200464E9E /* Products */;
			projectDirPath = "";
			projectRoot = "";
			targets = (
				956AF1B41BD4F09200464E9E /* Desman iOS Sample */,
				956AF1EA1BD4F0AF00464E9E /* Desman Core iOS */,
				9535C0921BF8C145008F6FA2 /* Desman Interface iOS */,
				9535C0B71BF8C1D8008F6FA2 /* Desman Remote iOS */,
			);
		};
/* End PBXProject section */

/* Begin PBXResourcesBuildPhase section */
		9535C0911BF8C145008F6FA2 /* Resources */ = {
			isa = PBXResourcesBuildPhase;
			buildActionMask = 2147483647;
			files = (
				9535C0A51BF8C1AB008F6FA2 /* Desman.storyboard in Resources */,
				9535C0A41BF8C1A7008F6FA2 /* Media.xcassets in Resources */,
				9535C0A61BF8C1AB008F6FA2 /* Event.storyboard in Resources */,
			);
			runOnlyForDeploymentPostprocessing = 0;
		};
		9535C0B61BF8C1D8008F6FA2 /* Resources */ = {
			isa = PBXResourcesBuildPhase;
			buildActionMask = 2147483647;
			files = (
				9535C1331BF8C6B1008F6FA2 /* Desman.storyboard in Resources */,
				9535C1341BF8C6B1008F6FA2 /* Event.storyboard in Resources */,
				9535C1321BF8C6B1008F6FA2 /* Media.xcassets in Resources */,
				9535C0C01BF8C1E4008F6FA2 /* Remote.storyboard in Resources */,
			);
			runOnlyForDeploymentPostprocessing = 0;
		};
		956AF1B31BD4F09200464E9E /* Resources */ = {
			isa = PBXResourcesBuildPhase;
			buildActionMask = 2147483647;
			files = (
				956AF1C31BD4F09200464E9E /* LaunchScreen.storyboard in Resources */,
				956AF1C01BD4F09200464E9E /* Assets.xcassets in Resources */,
				956AF1BE1BD4F09200464E9E /* Main.storyboard in Resources */,
			);
			runOnlyForDeploymentPostprocessing = 0;
		};
		956AF1E91BD4F0AF00464E9E /* Resources */ = {
			isa = PBXResourcesBuildPhase;
			buildActionMask = 2147483647;
			files = (
			);
			runOnlyForDeploymentPostprocessing = 0;
		};
/* End PBXResourcesBuildPhase section */

/* Begin PBXSourcesBuildPhase section */
		9535C08E1BF8C145008F6FA2 /* Sources */ = {
			isa = PBXSourcesBuildPhase;
			buildActionMask = 2147483647;
			files = (
				9535C1211BF8C69A008F6FA2 /* UserInfo.swift in Sources */,
				9535C1391BF8C6C5008F6FA2 /* CrashManager.swift in Sources */,
				9535C1361BF8C6C2008F6FA2 /* UIViewController-Swizzle.swift in Sources */,
				9535C1191BF8C697008F6FA2 /* EventManager.swift in Sources */,
				9535C1141BF8C694008F6FA2 /* User.swift in Sources */,
				9535C0A21BF8C1A3008F6FA2 /* EventTableViewCell.swift in Sources */,
				9535C1251BF8C69D008F6FA2 /* UIViewController+Desman.swift in Sources */,
				9535C1121BF8C694008F6FA2 /* Event.swift in Sources */,
				9535C0A31BF8C1A3008F6FA2 /* UserTableViewCell.swift in Sources */,
				9535C0A01BF8C19F008F6FA2 /* UIImageView+Desman.swift in Sources */,
				9535C1111BF8C694008F6FA2 /* App.swift in Sources */,
				9535C1201BF8C69A008F6FA2 /* DeviceInfo.swift in Sources */,
				9535C09F1BF8C19F008F6FA2 /* ImageCache.swift in Sources */,
				9535C11A1BF8C697008F6FA2 /* UploadManager.swift in Sources */,
				9535C09B1BF8C159008F6FA2 /* EventsTableViewController.swift in Sources */,
				9535C09D1BF8C159008F6FA2 /* GlobalSplitViewController.swift in Sources */,
				9535C09E1BF8C159008F6FA2 /* ImageViewController.swift in Sources */,
				9535C09C1BF8C159008F6FA2 /* EventDetailTableViewController.swift in Sources */,
				9535C1271BF8C6A0008F6FA2 /* FeedbackComposeViewController.swift in Sources */,
				9535C11F1BF8C69A008F6FA2 /* AppInfo.swift in Sources */,
				9535C11B1BF8C697008F6FA2 /* NotificationCenterManager.swift in Sources */,
				9535C0A11BF8C1A3008F6FA2 /* AppTableViewCell.swift in Sources */,
				9535C1131BF8C694008F6FA2 /* Type.swift in Sources */,
			);
			runOnlyForDeploymentPostprocessing = 0;
		};
		9535C0B31BF8C1D8008F6FA2 /* Sources */ = {
			isa = PBXSourcesBuildPhase;
			buildActionMask = 2147483647;
			files = (
				9535C1301BF8C6AE008F6FA2 /* EventTableViewCell.swift in Sources */,
				9535C0C31BF8C1EB008F6FA2 /* RemoteManager.swift in Sources */,
				9535C11E1BF8C698008F6FA2 /* NotificationCenterManager.swift in Sources */,
				9535C1151BF8C695008F6FA2 /* App.swift in Sources */,
				9535C1311BF8C6AE008F6FA2 /* UserTableViewCell.swift in Sources */,
				9535C1221BF8C69A008F6FA2 /* AppInfo.swift in Sources */,
				9535C11C1BF8C698008F6FA2 /* EventManager.swift in Sources */,
				9535C12A1BF8C6A9008F6FA2 /* EventDetailTableViewController.swift in Sources */,
				9535C0C21BF8C1E8008F6FA2 /* UsersTableViewController.swift in Sources */,
				9535C12F1BF8C6AE008F6FA2 /* AppTableViewCell.swift in Sources */,
				9535C1291BF8C6A9008F6FA2 /* EventsTableViewController.swift in Sources */,
				9535C0C11BF8C1E8008F6FA2 /* AppsTableViewController.swift in Sources */,
				9535C1231BF8C69A008F6FA2 /* DeviceInfo.swift in Sources */,
				9535C12D1BF8C6AC008F6FA2 /* ImageCache.swift in Sources */,
				9535C1241BF8C69A008F6FA2 /* UserInfo.swift in Sources */,
				9535C11D1BF8C698008F6FA2 /* UploadManager.swift in Sources */,
				9535C1281BF8C6A0008F6FA2 /* FeedbackComposeViewController.swift in Sources */,
				9535C1261BF8C69E008F6FA2 /* UIViewController+Desman.swift in Sources */,
				9535C1161BF8C695008F6FA2 /* Event.swift in Sources */,
				9535C13A1BF8C6C5008F6FA2 /* CrashManager.swift in Sources */,
				9535C1171BF8C695008F6FA2 /* Type.swift in Sources */,
				9535C12C1BF8C6A9008F6FA2 /* ImageViewController.swift in Sources */,
				9535C12E1BF8C6AC008F6FA2 /* UIImageView+Desman.swift in Sources */,
				9535C12B1BF8C6A9008F6FA2 /* GlobalSplitViewController.swift in Sources */,
				9535C1181BF8C695008F6FA2 /* User.swift in Sources */,
				9535C1371BF8C6C2008F6FA2 /* UIViewController-Swizzle.swift in Sources */,
			);
			runOnlyForDeploymentPostprocessing = 0;
		};
		956AF1B11BD4F09200464E9E /* Sources */ = {
			isa = PBXSourcesBuildPhase;
			buildActionMask = 2147483647;
			files = (
				950871A31BE0C006000C54AE /* ViewController.swift in Sources */,
				955A58A01BDFD3D70046A781 /* SampleType.swift in Sources */,
				956AF1B91BD4F09200464E9E /* AppDelegate.swift in Sources */,
			);
			runOnlyForDeploymentPostprocessing = 0;
		};
		956AF1E61BD4F0AF00464E9E /* Sources */ = {
			isa = PBXSourcesBuildPhase;
			buildActionMask = 2147483647;
			files = (
				954B61461BF3BA9D004FA6F2 /* NotificationCenterManager.swift in Sources */,
				9509B5EA1BF5FB2D00F3465A /* Type.swift in Sources */,
				9520297B1BF630460067AB29 /* UIViewController+Desman.swift in Sources */,
				9509B5F51BF5FBB900F3465A /* AppInfo.swift in Sources */,
				9509B5F71BF5FBB900F3465A /* UserInfo.swift in Sources */,
				9509B5E81BF5FB2D00F3465A /* App.swift in Sources */,
				954B61351BF3BA2C004FA6F2 /* FeedbackComposeViewController.swift in Sources */,
				9535C1381BF8C6C4008F6FA2 /* CrashManager.swift in Sources */,
				9509B5EF1BF5FB7300F3465A /* EventManager.swift in Sources */,
				9535C1351BF8C6B9008F6FA2 /* UIViewController-Swizzle.swift in Sources */,
				9509B5E91BF5FB2D00F3465A /* Event.swift in Sources */,
				9509B5F01BF5FB7300F3465A /* UploadManager.swift in Sources */,
				9509B5EB1BF5FB2D00F3465A /* User.swift in Sources */,
				9509B5F61BF5FBB900F3465A /* DeviceInfo.swift in Sources */,
			);
			runOnlyForDeploymentPostprocessing = 0;
		};
/* End PBXSourcesBuildPhase section */

/* Begin PBXTargetDependency section */
		9535C1501BF8CB77008F6FA2 /* PBXTargetDependency */ = {
			isa = PBXTargetDependency;
			target = 9535C0B71BF8C1D8008F6FA2 /* Desman Remote iOS */;
			targetProxy = 9535C14F1BF8CB77008F6FA2 /* PBXContainerItemProxy */;
		};
/* End PBXTargetDependency section */

/* Begin PBXVariantGroup section */
		956AF1BC1BD4F09200464E9E /* Main.storyboard */ = {
			isa = PBXVariantGroup;
			children = (
				956AF1BD1BD4F09200464E9E /* Base */,
			);
			name = Main.storyboard;
			sourceTree = "<group>";
		};
		956AF1C11BD4F09200464E9E /* LaunchScreen.storyboard */ = {
			isa = PBXVariantGroup;
			children = (
				956AF1C21BD4F09200464E9E /* Base */,
			);
			name = LaunchScreen.storyboard;
			sourceTree = "<group>";
		};
/* End PBXVariantGroup section */

/* Begin XCBuildConfiguration section */
		9535C0991BF8C145008F6FA2 /* Debug */ = {
			isa = XCBuildConfiguration;
			buildSettings = {
				CURRENT_PROJECT_VERSION = 1;
				DEFINES_MODULE = YES;
				DYLIB_COMPATIBILITY_VERSION = 1;
				DYLIB_CURRENT_VERSION = 1;
				DYLIB_INSTALL_NAME_BASE = "@rpath";
				FRAMEWORK_SEARCH_PATHS = (
					"$(inherited)",
					"$(PROJECT_DIR)/Desman/Core/Vendor",
				);
				INFOPLIST_FILE = Desman/Info.plist;
				INSTALL_PATH = "$(LOCAL_LIBRARY_DIR)/Frameworks";
				IPHONEOS_DEPLOYMENT_TARGET = 8.0;
				LD_RUNPATH_SEARCH_PATHS = "$(inherited) @executable_path/Frameworks @loader_path/Frameworks";
				OTHER_CFLAGS = "";
				PRODUCT_BUNDLE_IDENTIFIER = "it.dimension.Desman-Interface-iOS";
				PRODUCT_MODULE_NAME = Desman;
				PRODUCT_NAME = Desman;
				SKIP_INSTALL = YES;
				VERSIONING_SYSTEM = "apple-generic";
				VERSION_INFO_PREFIX = "";
			};
			name = Debug;
		};
		9535C09A1BF8C145008F6FA2 /* Release */ = {
			isa = XCBuildConfiguration;
			buildSettings = {
				CURRENT_PROJECT_VERSION = 1;
				DEFINES_MODULE = YES;
				DYLIB_COMPATIBILITY_VERSION = 1;
				DYLIB_CURRENT_VERSION = 1;
				DYLIB_INSTALL_NAME_BASE = "@rpath";
				FRAMEWORK_SEARCH_PATHS = (
					"$(inherited)",
					"$(PROJECT_DIR)/Desman/Core/Vendor",
				);
				INFOPLIST_FILE = Desman/Info.plist;
				INSTALL_PATH = "$(LOCAL_LIBRARY_DIR)/Frameworks";
				IPHONEOS_DEPLOYMENT_TARGET = 8.0;
				LD_RUNPATH_SEARCH_PATHS = "$(inherited) @executable_path/Frameworks @loader_path/Frameworks";
				OTHER_CFLAGS = "";
				PRODUCT_BUNDLE_IDENTIFIER = "it.dimension.Desman-Interface-iOS";
				PRODUCT_MODULE_NAME = Desman;
				PRODUCT_NAME = Desman;
				SKIP_INSTALL = YES;
				VERSIONING_SYSTEM = "apple-generic";
				VERSION_INFO_PREFIX = "";
			};
			name = Release;
		};
		9535C0BE1BF8C1D8008F6FA2 /* Debug */ = {
			isa = XCBuildConfiguration;
			buildSettings = {
				CURRENT_PROJECT_VERSION = 1;
				DEFINES_MODULE = YES;
				DYLIB_COMPATIBILITY_VERSION = 1;
				DYLIB_CURRENT_VERSION = 1;
				DYLIB_INSTALL_NAME_BASE = "@rpath";
				FRAMEWORK_SEARCH_PATHS = (
					"$(inherited)",
					"$(PROJECT_DIR)/Desman/Core/Vendor",
					"$(PROJECT_DIR)/Carthage/Build/iOS",
				);
				INFOPLIST_FILE = Desman/Info.plist;
				INSTALL_PATH = "$(LOCAL_LIBRARY_DIR)/Frameworks";
				IPHONEOS_DEPLOYMENT_TARGET = 8.0;
				LD_RUNPATH_SEARCH_PATHS = "$(inherited) @executable_path/Frameworks @loader_path/Frameworks";
				OTHER_CFLAGS = "";
				OTHER_SWIFT_FLAGS = "-DDESMAN_INCLUDES_REMOTE -DDESMAN_INCLUDES_REALTIME -DDESMAN_INCLUDES_CRASH_REPORTER";
				PRODUCT_BUNDLE_IDENTIFIER = "it.dimension.Desman-Remote-iOS";
				PRODUCT_MODULE_NAME = Desman;
				PRODUCT_NAME = Desman;
				SKIP_INSTALL = YES;
				VERSIONING_SYSTEM = "apple-generic";
				VERSION_INFO_PREFIX = "";
			};
			name = Debug;
		};
		9535C0BF1BF8C1D8008F6FA2 /* Release */ = {
			isa = XCBuildConfiguration;
			buildSettings = {
				CURRENT_PROJECT_VERSION = 1;
				DEFINES_MODULE = YES;
				DYLIB_COMPATIBILITY_VERSION = 1;
				DYLIB_CURRENT_VERSION = 1;
				DYLIB_INSTALL_NAME_BASE = "@rpath";
				FRAMEWORK_SEARCH_PATHS = (
					"$(inherited)",
					"$(PROJECT_DIR)/Desman/Core/Vendor",
					"$(PROJECT_DIR)/Carthage/Build/iOS",
				);
				INFOPLIST_FILE = Desman/Info.plist;
				INSTALL_PATH = "$(LOCAL_LIBRARY_DIR)/Frameworks";
				IPHONEOS_DEPLOYMENT_TARGET = 8.0;
				LD_RUNPATH_SEARCH_PATHS = "$(inherited) @executable_path/Frameworks @loader_path/Frameworks";
				OTHER_CFLAGS = "";
				OTHER_SWIFT_FLAGS = "-DDESMAN_INCLUDES_REMOTE -DDESMAN_INCLUDES_REALTIME -DDESMAN_INCLUDES_CRASH_REPORTER";
				PRODUCT_BUNDLE_IDENTIFIER = "it.dimension.Desman-Remote-iOS";
				PRODUCT_MODULE_NAME = Desman;
				PRODUCT_NAME = Desman;
				SKIP_INSTALL = YES;
				VERSIONING_SYSTEM = "apple-generic";
				VERSION_INFO_PREFIX = "";
			};
			name = Release;
		};
		956AF1DB1BD4F09200464E9E /* Debug */ = {
			isa = XCBuildConfiguration;
			buildSettings = {
				ALWAYS_SEARCH_USER_PATHS = NO;
				CLANG_CXX_LANGUAGE_STANDARD = "gnu++0x";
				CLANG_CXX_LIBRARY = "libc++";
				CLANG_ENABLE_MODULES = YES;
				CLANG_ENABLE_OBJC_ARC = YES;
				CLANG_WARN_BOOL_CONVERSION = YES;
				CLANG_WARN_CONSTANT_CONVERSION = YES;
				CLANG_WARN_DIRECT_OBJC_ISA_USAGE = YES_ERROR;
				CLANG_WARN_EMPTY_BODY = YES;
				CLANG_WARN_ENUM_CONVERSION = YES;
				CLANG_WARN_INT_CONVERSION = YES;
				CLANG_WARN_OBJC_ROOT_CLASS = YES_ERROR;
				CLANG_WARN_UNREACHABLE_CODE = YES;
				CLANG_WARN__DUPLICATE_METHOD_MATCH = YES;
				"CODE_SIGN_IDENTITY[sdk=iphoneos*]" = "iPhone Developer";
				COPY_PHASE_STRIP = NO;
				DEBUG_INFORMATION_FORMAT = dwarf;
				EMBEDDED_CONTENT_CONTAINS_SWIFT = YES;
				ENABLE_STRICT_OBJC_MSGSEND = YES;
				ENABLE_TESTABILITY = YES;
				GCC_C_LANGUAGE_STANDARD = gnu99;
				GCC_DYNAMIC_NO_PIC = NO;
				GCC_NO_COMMON_BLOCKS = YES;
				GCC_OPTIMIZATION_LEVEL = 0;
				GCC_PREPROCESSOR_DEFINITIONS = (
					"DEBUG=1",
					"$(inherited)",
				);
				GCC_WARN_64_TO_32_BIT_CONVERSION = YES;
				GCC_WARN_ABOUT_RETURN_TYPE = YES_ERROR;
				GCC_WARN_UNDECLARED_SELECTOR = YES;
				GCC_WARN_UNINITIALIZED_AUTOS = YES_AGGRESSIVE;
				GCC_WARN_UNUSED_FUNCTION = YES;
				GCC_WARN_UNUSED_VARIABLE = YES;
				IPHONEOS_DEPLOYMENT_TARGET = 9.0;
				MTL_ENABLE_DEBUG_INFO = YES;
				ONLY_ACTIVE_ARCH = YES;
				SDKROOT = iphoneos;
				SWIFT_OPTIMIZATION_LEVEL = "-Onone";
				TARGETED_DEVICE_FAMILY = "1,2";
			};
			name = Debug;
		};
		956AF1DC1BD4F09200464E9E /* Release */ = {
			isa = XCBuildConfiguration;
			buildSettings = {
				ALWAYS_SEARCH_USER_PATHS = NO;
				CLANG_CXX_LANGUAGE_STANDARD = "gnu++0x";
				CLANG_CXX_LIBRARY = "libc++";
				CLANG_ENABLE_MODULES = YES;
				CLANG_ENABLE_OBJC_ARC = YES;
				CLANG_WARN_BOOL_CONVERSION = YES;
				CLANG_WARN_CONSTANT_CONVERSION = YES;
				CLANG_WARN_DIRECT_OBJC_ISA_USAGE = YES_ERROR;
				CLANG_WARN_EMPTY_BODY = YES;
				CLANG_WARN_ENUM_CONVERSION = YES;
				CLANG_WARN_INT_CONVERSION = YES;
				CLANG_WARN_OBJC_ROOT_CLASS = YES_ERROR;
				CLANG_WARN_UNREACHABLE_CODE = YES;
				CLANG_WARN__DUPLICATE_METHOD_MATCH = YES;
				"CODE_SIGN_IDENTITY[sdk=iphoneos*]" = "iPhone Developer";
				COPY_PHASE_STRIP = NO;
				DEBUG_INFORMATION_FORMAT = "dwarf-with-dsym";
				EMBEDDED_CONTENT_CONTAINS_SWIFT = YES;
				ENABLE_NS_ASSERTIONS = NO;
				ENABLE_STRICT_OBJC_MSGSEND = YES;
				GCC_C_LANGUAGE_STANDARD = gnu99;
				GCC_NO_COMMON_BLOCKS = YES;
				GCC_WARN_64_TO_32_BIT_CONVERSION = YES;
				GCC_WARN_ABOUT_RETURN_TYPE = YES_ERROR;
				GCC_WARN_UNDECLARED_SELECTOR = YES;
				GCC_WARN_UNINITIALIZED_AUTOS = YES_AGGRESSIVE;
				GCC_WARN_UNUSED_FUNCTION = YES;
				GCC_WARN_UNUSED_VARIABLE = YES;
				IPHONEOS_DEPLOYMENT_TARGET = 9.0;
				MTL_ENABLE_DEBUG_INFO = NO;
				SDKROOT = iphoneos;
				TARGETED_DEVICE_FAMILY = "1,2";
				VALIDATE_PRODUCT = YES;
			};
			name = Release;
		};
		956AF1DE1BD4F09200464E9E /* Debug */ = {
			isa = XCBuildConfiguration;
			buildSettings = {
				ASSETCATALOG_COMPILER_APPICON_NAME = AppIcon;
				EMBEDDED_CONTENT_CONTAINS_SWIFT = YES;
				FRAMEWORK_SEARCH_PATHS = (
					"$(inherited)",
					"$(PROJECT_DIR)/Carthage/Build/iOS",
					"$(PROJECT_DIR)/Desman/Core/Vendor",
				);
				INFOPLIST_FILE = "Desman iOS Sample/Info.plist";
				IPHONEOS_DEPLOYMENT_TARGET = 8.0;
				LD_RUNPATH_SEARCH_PATHS = "$(inherited) @executable_path/Frameworks";
				OTHER_CFLAGS = "";
				PRODUCT_BUNDLE_IDENTIFIER = "it.dimension.Desman-iOS-Sample";
				PRODUCT_NAME = "$(TARGET_NAME)";
			};
			name = Debug;
		};
		956AF1DF1BD4F09200464E9E /* Release */ = {
			isa = XCBuildConfiguration;
			buildSettings = {
				ASSETCATALOG_COMPILER_APPICON_NAME = AppIcon;
				EMBEDDED_CONTENT_CONTAINS_SWIFT = YES;
				FRAMEWORK_SEARCH_PATHS = (
					"$(inherited)",
					"$(PROJECT_DIR)/Carthage/Build/iOS",
					"$(PROJECT_DIR)/Desman/Core/Vendor",
				);
				INFOPLIST_FILE = "Desman iOS Sample/Info.plist";
				IPHONEOS_DEPLOYMENT_TARGET = 8.0;
				LD_RUNPATH_SEARCH_PATHS = "$(inherited) @executable_path/Frameworks";
				OTHER_CFLAGS = "";
				PRODUCT_BUNDLE_IDENTIFIER = "it.dimension.Desman-iOS-Sample";
				PRODUCT_NAME = "$(TARGET_NAME)";
			};
			name = Release;
		};
		956AF2031BD4F0AF00464E9E /* Debug */ = {
			isa = XCBuildConfiguration;
			buildSettings = {
				CLANG_ENABLE_MODULES = YES;
				CURRENT_PROJECT_VERSION = 0.1.0;
				DEFINES_MODULE = YES;
				DYLIB_COMPATIBILITY_VERSION = 0.1.0;
				DYLIB_CURRENT_VERSION = 0.1.0;
				DYLIB_INSTALL_NAME_BASE = "@rpath";
				FRAMEWORK_SEARCH_PATHS = (
					"$(inherited)",
					"$(PROJECT_DIR)/Desman/Core/Vendor",
				);
				INFOPLIST_FILE = Desman/Info.plist;
				INSTALL_PATH = "$(LOCAL_LIBRARY_DIR)/Frameworks";
				IPHONEOS_DEPLOYMENT_TARGET = 8.0;
				LD_RUNPATH_SEARCH_PATHS = "$(inherited) @executable_path/Frameworks @loader_path/Frameworks";
				OTHER_CFLAGS = "";
				OTHER_SWIFT_FLAGS = "-D DEBUG";
				PRODUCT_BUNDLE_IDENTIFIER = it.dimension.DesmanCore;
				PRODUCT_MODULE_NAME = Desman;
				PRODUCT_NAME = Desman;
				SKIP_INSTALL = YES;
				SWIFT_OPTIMIZATION_LEVEL = "-Onone";
				VERSIONING_SYSTEM = "apple-generic";
				VERSION_INFO_PREFIX = "";
			};
			name = Debug;
		};
		956AF2041BD4F0AF00464E9E /* Release */ = {
			isa = XCBuildConfiguration;
			buildSettings = {
				CLANG_ENABLE_MODULES = YES;
				CURRENT_PROJECT_VERSION = 0.1.0;
				DEFINES_MODULE = YES;
				DYLIB_COMPATIBILITY_VERSION = 0.1.0;
				DYLIB_CURRENT_VERSION = 0.1.0;
				DYLIB_INSTALL_NAME_BASE = "@rpath";
				FRAMEWORK_SEARCH_PATHS = (
					"$(inherited)",
					"$(PROJECT_DIR)/Desman/Core/Vendor",
				);
				INFOPLIST_FILE = Desman/Info.plist;
				INSTALL_PATH = "$(LOCAL_LIBRARY_DIR)/Frameworks";
				IPHONEOS_DEPLOYMENT_TARGET = 8.0;
				LD_RUNPATH_SEARCH_PATHS = "$(inherited) @executable_path/Frameworks @loader_path/Frameworks";
				OTHER_CFLAGS = "";
				OTHER_SWIFT_FLAGS = "";
				PRODUCT_BUNDLE_IDENTIFIER = it.dimension.DesmanCore;
				PRODUCT_MODULE_NAME = Desman;
				PRODUCT_NAME = Desman;
				SKIP_INSTALL = YES;
				VERSIONING_SYSTEM = "apple-generic";
				VERSION_INFO_PREFIX = "";
			};
			name = Release;
		};
/* End XCBuildConfiguration section */

/* Begin XCConfigurationList section */
		9535C0981BF8C145008F6FA2 /* Build configuration list for PBXNativeTarget "Desman Interface iOS" */ = {
			isa = XCConfigurationList;
			buildConfigurations = (
				9535C0991BF8C145008F6FA2 /* Debug */,
				9535C09A1BF8C145008F6FA2 /* Release */,
			);
			defaultConfigurationIsVisible = 0;
		};
		9535C0BD1BF8C1D8008F6FA2 /* Build configuration list for PBXNativeTarget "Desman Remote iOS" */ = {
			isa = XCConfigurationList;
			buildConfigurations = (
				9535C0BE1BF8C1D8008F6FA2 /* Debug */,
				9535C0BF1BF8C1D8008F6FA2 /* Release */,
			);
			defaultConfigurationIsVisible = 0;
		};
		956AF1B01BD4F09200464E9E /* Build configuration list for PBXProject "Desman" */ = {
			isa = XCConfigurationList;
			buildConfigurations = (
				956AF1DB1BD4F09200464E9E /* Debug */,
				956AF1DC1BD4F09200464E9E /* Release */,
			);
			defaultConfigurationIsVisible = 0;
			defaultConfigurationName = Release;
		};
		956AF1DD1BD4F09200464E9E /* Build configuration list for PBXNativeTarget "Desman iOS Sample" */ = {
			isa = XCConfigurationList;
			buildConfigurations = (
				956AF1DE1BD4F09200464E9E /* Debug */,
				956AF1DF1BD4F09200464E9E /* Release */,
			);
			defaultConfigurationIsVisible = 0;
			defaultConfigurationName = Release;
		};
		956AF2021BD4F0AF00464E9E /* Build configuration list for PBXNativeTarget "Desman Core iOS" */ = {
			isa = XCConfigurationList;
			buildConfigurations = (
				956AF2031BD4F0AF00464E9E /* Debug */,
				956AF2041BD4F0AF00464E9E /* Release */,
			);
			defaultConfigurationIsVisible = 0;
			defaultConfigurationName = Release;
		};
/* End XCConfigurationList section */
	};
	rootObject = 956AF1AD1BD4F09200464E9E /* Project object */;
}
